
Microsoft Visual Studio Solution File, Format Version 12.00
# Visual Studio 15
VisualStudioVersion = 15.0.26430.4
MinimumVisualStudioVersion = 10.0.40219.1
Project("{8BC9CEB8-8B4A-11D0-8D11-00A0C91BC942}") = "CustomStartTool", "CustomStartTool.vcxproj", "{E8CD0A41-1537-4EA6-98AC-E80CD59C478E}"
EndProject
Global
	GlobalSection(SolutionConfigurationPlatforms) = preSolution
		Debug|32bit = Debug|32bit
		Debug|64bit = Debug|64bit
		Release|32bit = Release|32bit
		Release|64bit = Release|64bit
	EndGlobalSection
	GlobalSection(ProjectConfigurationPlatforms) = postSolution
		{E8CD0A41-1537-4EA6-98AC-E80CD59C478E}.Debug|32bit.ActiveCfg = Debug|Win32
		{E8CD0A41-1537-4EA6-98AC-E80CD59C478E}.Debug|32bit.Build.0 = Debug|Win32
		{E8CD0A41-1537-4EA6-98AC-E80CD59C478E}.Debug|64bit.ActiveCfg = Debug|x64
		{E8CD0A41-1537-4EA6-98AC-E80CD59C478E}.Debug|64bit.Build.0 = Debug|x64
		{E8CD0A41-1537-4EA6-98AC-E80CD59C478E}.Release|32bit.ActiveCfg = Release|Win32
		{E8CD0A41-1537-4EA6-98AC-E80CD59C478E}.Release|32bit.Build.0 = Release|Win32
		{E8CD0A41-1537-4EA6-98AC-E80CD59C478E}.Release|64bit.ActiveCfg = Release|x64
		{E8CD0A41-1537-4EA6-98AC-E80CD59C478E}.Release|64bit.Build.0 = Release|x64
	EndGlobalSection
	GlobalSection(SolutionProperties) = preSolution
		HideSolutionNode = FALSE
	EndGlobalSection
EndGlobal
