<?xml version="1.0" encoding="utf-8"?>
<Project ToolsVersion="4.0" xmlns="http://schemas.microsoft.com/developer/msbuild/2003">
  <ItemGroup>
    <Filter Include="Source Files">
      <UniqueIdentifier>{4FC737F1-C7A5-4376-A066-2A32D752A2FF}</UniqueIdentifier>
      <Extensions>cpp;c;cc;cxx;def;odl;idl;hpj;bat;asm;asmx</Extensions>
    </Filter>
    <Filter Include="Resource Files">
      <UniqueIdentifier>{664acb18-b541-4abb-8e7f-668c4de1cdfe}</UniqueIdentifier>
    </Filter>
    <Filter Include="Header Files">
      <UniqueIdentifier>{8483492d-4b7d-408b-95ac-d47900bfb245}</UniqueIdentifier>
    </Filter>
    <Filter Include="Resource Files\Images">
      <UniqueIdentifier>{31d3c520-6bf5-4720-8800-1f420d2e41e8}</UniqueIdentifier>
    </Filter>
    <Filter Include="Source Files\json-c">
      <UniqueIdentifier>{3ee330a7-42a6-4544-8739-f7066d4e4d82}</UniqueIdentifier>
    </Filter>
    <Filter Include="Header Files\json-c">
      <UniqueIdentifier>{42e6e53a-30a0-4c7f-8c1a-b98aac45b62d}</UniqueIdentifier>
    </Filter>
  </ItemGroup>
  <ItemGroup>
    <ClCompile Include="main.c">
      <Filter>Source Files</Filter>
    </ClCompile>
    <ClCompile Include="searchbox.c">
      <Filter>Source Files</Filter>
    </ClCompile>
    <ClCompile Include="png.c">
      <Filter>Source Files</Filter>
    </ClCompile>
    <ClCompile Include="json.c">
      <Filter>Source Files</Filter>
    </ClCompile>
    <ClCompile Include="json-c\arraylist.c">
      <Filter>Source Files\json-c</Filter>
    </ClCompile>
    <ClCompile Include="json-c\json_c_version.c">
      <Filter>Source Files\json-c</Filter>
    </ClCompile>
    <ClCompile Include="json-c\json_object.c">
      <Filter>Source Files\json-c</Filter>
    </ClCompile>
    <ClCompile Include="json-c\json_object_iterator.c">
      <Filter>Source Files\json-c</Filter>
    </ClCompile>
    <ClCompile Include="json-c\json_tokener.c">
      <Filter>Source Files\json-c</Filter>
    </ClCompile>
    <ClCompile Include="json-c\json_util.c">
      <Filter>Source Files\json-c</Filter>
    </ClCompile>
    <ClCompile Include="json-c\libjson.c">
      <Filter>Source Files\json-c</Filter>
    </ClCompile>
    <ClCompile Include="json-c\linkhash.c">
      <Filter>Source Files\json-c</Filter>
    </ClCompile>
    <ClCompile Include="json-c\random_seed.c">
      <Filter>Source Files\json-c</Filter>
    </ClCompile>
    <ClCompile Include="json-c\printbuf.c">
      <Filter>Source Files\json-c</Filter>
    </ClCompile>
    <ClCompile Include="json-c\debug.c">
      <Filter>Source Files\json-c</Filter>
    </ClCompile>
    <ClCompile Include="http.c">
      <Filter>Source Files</Filter>
    </ClCompile>
  </ItemGroup>
  <ItemGroup>
    <ClInclude Include="main.h">
      <Filter>Header Files</Filter>
    </ClInclude>
    <ClInclude Include="resource.h">
      <Filter>Header Files</Filter>
    </ClInclude>
    <ClInclude Include="json-c\bits.h">
      <Filter>Header Files\json-c</Filter>
    </ClInclude>
    <ClInclude Include="json-c\arraylist.h">
      <Filter>Header Files\json-c</Filter>
    </ClInclude>
    <ClInclude Include="json-c\json_c_version.h">
      <Filter>Header Files\json-c</Filter>
    </ClInclude>
    <ClInclude Include="json-c\json_config.h">
      <Filter>Header Files\json-c</Filter>
    </ClInclude>
    <ClInclude Include="json-c\json_inttypes.h">
      <Filter>Header Files\json-c</Filter>
    </ClInclude>
    <ClInclude Include="json-c\json_object_private.h">
      <Filter>Header Files\json-c</Filter>
    </ClInclude>
    <ClInclude Include="json-c\json_object_iterator.h">
      <Filter>Header Files\json-c</Filter>
    </ClInclude>
    <ClInclude Include="json-c\json_object.h">
      <Filter>Header Files\json-c</Filter>
    </ClInclude>
    <ClInclude Include="json-c\json_tokener.h">
      <Filter>Header Files\json-c</Filter>
    </ClInclude>
    <ClInclude Include="json-c\json_util.h">
      <Filter>Header Files\json-c</Filter>
    </ClInclude>
    <ClInclude Include="json-c\linkhash.h">
      <Filter>Header Files\json-c</Filter>
    </ClInclude>
    <ClInclude Include="json-c\math_compat.h">
      <Filter>Header Files\json-c</Filter>
    </ClInclude>
    <ClInclude Include="json-c\printbuf.h">
      <Filter>Header Files\json-c</Filter>
    </ClInclude>
    <ClInclude Include="json-c\random_seed.h">
      <Filter>Header Files\json-c</Filter>
    </ClInclude>
    <ClInclude Include="json-c\config.h">
      <Filter>Header Files\json-c</Filter>
    </ClInclude>
    <ClInclude Include="json-c\debug.h">
      <Filter>Header Files\json-c</Filter>
    </ClInclude>
    <ClInclude Include="json-c\json.h">
      <Filter>Header Files\json-c</Filter>
    </ClInclude>
  </ItemGroup>
  <ItemGroup>
    <Image Include="resources\active_search.bmp">
      <Filter>Resource Files\Images</Filter>
    </Image>
    <Image Include="resources\active_search.png">
      <Filter>Resource Files\Images</Filter>
    </Image>
    <Image Include="resources\inactive_search.bmp">
      <Filter>Resource Files\Images</Filter>
    </Image>
    <Image Include="resources\inactive_search.png">
      <Filter>Resource Files\Images</Filter>
    </Image>
  </ItemGroup>
  <ItemGroup>
    <ResourceCompile Include="resource.rc">
      <Filter>Resource Files</Filter>
    </ResourceCompile>
  </ItemGroup>
</Project>