
Microsoft Visual Studio Solution File, Format Version 12.00
# Visual Studio 14
VisualStudioVersion = 14.0.25420.1
MinimumVisualStudioVersion = 14.0.25420.1
Project("{2150E333-8FDC-42A3-9474-1A3956D46DE8}") = "Tools", "Tools", "{2758DC86-368B-430C-9D29-F1EF20032A71}"
EndProject
Project("{8BC9CEB8-8B4A-11D0-8D11-00A0C91BC942}") = "ProcessHacker", "ProcessHacker\ProcessHacker.vcxproj", "{0271DD27-6707-4290-8DFE-285702B7115D}"
	ProjectSection(ProjectDependencies) = postProject
		{477D0215-F252-41A1-874B-F27E3EA1ED17} = {477D0215-F252-41A1-874B-F27E3EA1ED17}
	EndProjectSection
EndProject
Project("{8BC9CEB8-8B4A-11D0-8D11-00A0C91BC942}") = "phlib", "phlib\phlib.vcxproj", "{477D0215-F252-41A1-874B-F27E3EA1ED17}"
EndProject
Project("{8BC9CEB8-8B4A-11D0-8D11-00A0C91BC942}") = "fixlib", "tools\fixlib\fixlib.vcxproj", "{31F4AA06-7ED5-4A6D-B901-19AD4BD16175}"
EndProject
Project("{8BC9CEB8-8B4A-11D0-8D11-00A0C91BC942}") = "peview", "tools\peview\peview.vcxproj", "{72C124A2-3C80-41C6-ABA1-C4948B713204}"
EndProject
Project("{2150E333-8FDC-42A3-9474-1A3956D46DE8}") = "Tests", "Tests", "{FD3C278D-BD40-4551-AE67-4DE196F8D7F6}"
EndProject
Project("{8BC9CEB8-8B4A-11D0-8D11-00A0C91BC942}") = "phlib-test", "tests\phlib-test\phlib-test.vcxproj", "{0C21014E-BC90-4AE5-AA32-398445C13B28}"
EndProject
Project("{8BC9CEB8-8B4A-11D0-8D11-00A0C91BC942}") = "CustomSignTool", "tools\CustomSignTool\CustomSignTool.vcxproj", "{E8CD0A41-1537-4EA6-98AC-E80CD59C478E}"
EndProject
Global
	GlobalSection(SolutionConfigurationPlatforms) = preSolution
		Debug|Win32 = Debug|Win32
		Debug|x64 = Debug|x64
		Release|Win32 = Release|Win32
		Release|x64 = Release|x64
	EndGlobalSection
	GlobalSection(ProjectConfigurationPlatforms) = postSolution
		{0271DD27-6707-4290-8DFE-285702B7115D}.Debug|Win32.ActiveCfg = Debug|Win32
		{0271DD27-6707-4290-8DFE-285702B7115D}.Debug|Win32.Build.0 = Debug|Win32
		{0271DD27-6707-4290-8DFE-285702B7115D}.Debug|x64.ActiveCfg = Debug|x64
		{0271DD27-6707-4290-8DFE-285702B7115D}.Debug|x64.Build.0 = Debug|x64
		{0271DD27-6707-4290-8DFE-285702B7115D}.Release|Win32.ActiveCfg = Release|Win32
		{0271DD27-6707-4290-8DFE-285702B7115D}.Release|Win32.Build.0 = Release|Win32
		{0271DD27-6707-4290-8DFE-285702B7115D}.Release|x64.ActiveCfg = Release|x64
		{0271DD27-6707-4290-8DFE-285702B7115D}.Release|x64.Build.0 = Release|x64
		{477D0215-F252-41A1-874B-F27E3EA1ED17}.Debug|Win32.ActiveCfg = Debug|Win32
		{477D0215-F252-41A1-874B-F27E3EA1ED17}.Debug|Win32.Build.0 = Debug|Win32
		{477D0215-F252-41A1-874B-F27E3EA1ED17}.Debug|x64.ActiveCfg = Debug|x64
		{477D0215-F252-41A1-874B-F27E3EA1ED17}.Debug|x64.Build.0 = Debug|x64
		{477D0215-F252-41A1-874B-F27E3EA1ED17}.Release|Win32.ActiveCfg = Release|Win32
		{477D0215-F252-41A1-874B-F27E3EA1ED17}.Release|Win32.Build.0 = Release|Win32
		{477D0215-F252-41A1-874B-F27E3EA1ED17}.Release|x64.ActiveCfg = Release|x64
		{477D0215-F252-41A1-874B-F27E3EA1ED17}.Release|x64.Build.0 = Release|x64
		{31F4AA06-7ED5-4A6D-B901-19AD4BD16175}.Debug|Win32.ActiveCfg = Debug|Win32
		{31F4AA06-7ED5-4A6D-B901-19AD4BD16175}.Debug|x64.ActiveCfg = Debug|Win32
		{31F4AA06-7ED5-4A6D-B901-19AD4BD16175}.Release|Win32.ActiveCfg = Release|Win32
		{31F4AA06-7ED5-4A6D-B901-19AD4BD16175}.Release|x64.ActiveCfg = Release|Win32
		{72C124A2-3C80-41C6-ABA1-C4948B713204}.Debug|Win32.ActiveCfg = Debug|Win32
		{72C124A2-3C80-41C6-ABA1-C4948B713204}.Debug|Win32.Build.0 = Debug|Win32
		{72C124A2-3C80-41C6-ABA1-C4948B713204}.Debug|x64.ActiveCfg = Debug|x64
		{72C124A2-3C80-41C6-ABA1-C4948B713204}.Debug|x64.Build.0 = Debug|x64
		{72C124A2-3C80-41C6-ABA1-C4948B713204}.Release|Win32.ActiveCfg = Release|Win32
		{72C124A2-3C80-41C6-ABA1-C4948B713204}.Release|Win32.Build.0 = Release|Win32
		{72C124A2-3C80-41C6-ABA1-C4948B713204}.Release|x64.ActiveCfg = Release|x64
		{72C124A2-3C80-41C6-ABA1-C4948B713204}.Release|x64.Build.0 = Release|x64
		{0C21014E-BC90-4AE5-AA32-398445C13B28}.Debug|Win32.ActiveCfg = Debug|Win32
		{0C21014E-BC90-4AE5-AA32-398445C13B28}.Debug|Win32.Build.0 = Debug|Win32
		{0C21014E-BC90-4AE5-AA32-398445C13B28}.Debug|x64.ActiveCfg = Debug|Win32
		{0C21014E-BC90-4AE5-AA32-398445C13B28}.Release|Win32.ActiveCfg = Release|Win32
		{0C21014E-BC90-4AE5-AA32-398445C13B28}.Release|Win32.Build.0 = Release|Win32
		{0C21014E-BC90-4AE5-AA32-398445C13B28}.Release|x64.ActiveCfg = Release|Win32
		{E8CD0A41-1537-4EA6-98AC-E80CD59C478E}.Debug|Win32.ActiveCfg = Debug|Win32
		{E8CD0A41-1537-4EA6-98AC-E80CD59C478E}.Debug|x64.ActiveCfg = Debug|x64
		{E8CD0A41-1537-4EA6-98AC-E80CD59C478E}.Release|Win32.ActiveCfg = Release|Win32
		{E8CD0A41-1537-4EA6-98AC-E80CD59C478E}.Release|x64.ActiveCfg = Release|x64
	EndGlobalSection
	GlobalSection(SolutionProperties) = preSolution
		HideSolutionNode = FALSE
	EndGlobalSection
	GlobalSection(NestedProjects) = preSolution
		{31F4AA06-7ED5-4A6D-B901-19AD4BD16175} = {2758DC86-368B-430C-9D29-F1EF20032A71}
		{72C124A2-3C80-41C6-ABA1-C4948B713204} = {2758DC86-368B-430C-9D29-F1EF20032A71}
		{0C21014E-BC90-4AE5-AA32-398445C13B28} = {FD3C278D-BD40-4551-AE67-4DE196F8D7F6}
		{E8CD0A41-1537-4EA6-98AC-E80CD59C478E} = {2758DC86-368B-430C-9D29-F1EF20032A71}
	EndGlobalSection
EndGlobal
