
Microsoft Visual Studio Solution File, Format Version 12.00
# Visual Studio Version 16
VisualStudioVersion = 16.0.29806.167
MinimumVisualStudioVersion = 15.0.26228.4
Project("{8BC9CEB8-8B4A-11D0-8D11-00A0C91BC942}") = "SystemInformer", "SystemInformer\SystemInformer.vcxproj", "{0271DD27-6707-4290-8DFE-285702B7115D}"
	ProjectSection(ProjectDependencies) = postProject
		{477D0215-F252-41A1-874B-F27E3EA1ED17} = {477D0215-F252-41A1-874B-F27E3EA1ED17}
	EndProjectSection
EndProject
Project("{8BC9CEB8-8B4A-11D0-8D11-00A0C91BC942}") = "phlib", "phlib\phlib.vcxproj", "{477D0215-F252-41A1-874B-F27E3EA1ED17}"
EndProject
Project("{8BC9CEB8-8B4A-11D0-8D11-00A0C91BC942}") = "peview", "tools\peview\peview.vcxproj", "{72C124A2-3C80-41C6-ABA1-C4948B713204}"
EndProject
Global
	GlobalSection(SolutionConfigurationPlatforms) = preSolution
		Debug|ARM64 = Debug|ARM64
		Debug|Win32 = Debug|Win32
		Debug|x64 = Debug|x64
		Release|ARM64 = Release|ARM64
		Release|Win32 = Release|Win32
		Release|x64 = Release|x64
	EndGlobalSection
	GlobalSection(ProjectConfigurationPlatforms) = postSolution
		{0271DD27-6707-4290-8DFE-285702B7115D}.Debug|ARM64.ActiveCfg = Debug|ARM64
		{0271DD27-6707-4290-8DFE-285702B7115D}.Debug|ARM64.Build.0 = Debug|ARM64
		{0271DD27-6707-4290-8DFE-285702B7115D}.Debug|ARM64.Deploy.0 = Debug|ARM64
		{0271DD27-6707-4290-8DFE-285702B7115D}.Debug|Win32.ActiveCfg = Debug|Win32
		{0271DD27-6707-4290-8DFE-285702B7115D}.Debug|Win32.Build.0 = Debug|Win32
		{0271DD27-6707-4290-8DFE-285702B7115D}.Debug|Win32.Deploy.0 = Debug|Win32
		{0271DD27-6707-4290-8DFE-285702B7115D}.Debug|x64.ActiveCfg = Debug|x64
		{0271DD27-6707-4290-8DFE-285702B7115D}.Debug|x64.Build.0 = Debug|x64
		{0271DD27-6707-4290-8DFE-285702B7115D}.Debug|x64.Deploy.0 = Debug|x64
		{0271DD27-6707-4290-8DFE-285702B7115D}.Release|ARM64.ActiveCfg = Release|ARM64
		{0271DD27-6707-4290-8DFE-285702B7115D}.Release|ARM64.Build.0 = Release|ARM64
		{0271DD27-6707-4290-8DFE-285702B7115D}.Release|ARM64.Deploy.0 = Release|ARM64
		{0271DD27-6707-4290-8DFE-285702B7115D}.Release|Win32.ActiveCfg = Release|Win32
		{0271DD27-6707-4290-8DFE-285702B7115D}.Release|Win32.Build.0 = Release|Win32
		{0271DD27-6707-4290-8DFE-285702B7115D}.Release|Win32.Deploy.0 = Release|Win32
		{0271DD27-6707-4290-8DFE-285702B7115D}.Release|x64.ActiveCfg = Release|x64
		{0271DD27-6707-4290-8DFE-285702B7115D}.Release|x64.Build.0 = Release|x64
		{0271DD27-6707-4290-8DFE-285702B7115D}.Release|x64.Deploy.0 = Release|x64
		{477D0215-F252-41A1-874B-F27E3EA1ED17}.Debug|ARM64.ActiveCfg = Debug|ARM64
		{477D0215-F252-41A1-874B-F27E3EA1ED17}.Debug|ARM64.Build.0 = Debug|ARM64
		{477D0215-F252-41A1-874B-F27E3EA1ED17}.Debug|Win32.ActiveCfg = Debug|Win32
		{477D0215-F252-41A1-874B-F27E3EA1ED17}.Debug|Win32.Build.0 = Debug|Win32
		{477D0215-F252-41A1-874B-F27E3EA1ED17}.Debug|x64.ActiveCfg = Debug|x64
		{477D0215-F252-41A1-874B-F27E3EA1ED17}.Debug|x64.Build.0 = Debug|x64
		{477D0215-F252-41A1-874B-F27E3EA1ED17}.Release|ARM64.ActiveCfg = Release|ARM64
		{477D0215-F252-41A1-874B-F27E3EA1ED17}.Release|ARM64.Build.0 = Release|ARM64
		{477D0215-F252-41A1-874B-F27E3EA1ED17}.Release|Win32.ActiveCfg = Release|Win32
		{477D0215-F252-41A1-874B-F27E3EA1ED17}.Release|Win32.Build.0 = Release|Win32
		{477D0215-F252-41A1-874B-F27E3EA1ED17}.Release|x64.ActiveCfg = Release|x64
		{477D0215-F252-41A1-874B-F27E3EA1ED17}.Release|x64.Build.0 = Release|x64
		{72C124A2-3C80-41C6-ABA1-C4948B713204}.Debug|ARM64.ActiveCfg = Debug|ARM64
		{72C124A2-3C80-41C6-ABA1-C4948B713204}.Debug|ARM64.Build.0 = Debug|ARM64
		{72C124A2-3C80-41C6-ABA1-C4948B713204}.Debug|ARM64.Deploy.0 = Debug|ARM64
		{72C124A2-3C80-41C6-ABA1-C4948B713204}.Debug|Win32.ActiveCfg = Debug|Win32
		{72C124A2-3C80-41C6-ABA1-C4948B713204}.Debug|Win32.Build.0 = Debug|Win32
		{72C124A2-3C80-41C6-ABA1-C4948B713204}.Debug|Win32.Deploy.0 = Debug|Win32
		{72C124A2-3C80-41C6-ABA1-C4948B713204}.Debug|x64.ActiveCfg = Debug|x64
		{72C124A2-3C80-41C6-ABA1-C4948B713204}.Debug|x64.Build.0 = Debug|x64
		{72C124A2-3C80-41C6-ABA1-C4948B713204}.Debug|x64.Deploy.0 = Debug|x64
		{72C124A2-3C80-41C6-ABA1-C4948B713204}.Release|ARM64.ActiveCfg = Release|ARM64
		{72C124A2-3C80-41C6-ABA1-C4948B713204}.Release|ARM64.Build.0 = Release|ARM64
		{72C124A2-3C80-41C6-ABA1-C4948B713204}.Release|ARM64.Deploy.0 = Release|ARM64
		{72C124A2-3C80-41C6-ABA1-C4948B713204}.Release|Win32.ActiveCfg = Release|Win32
		{72C124A2-3C80-41C6-ABA1-C4948B713204}.Release|Win32.Build.0 = Release|Win32
		{72C124A2-3C80-41C6-ABA1-C4948B713204}.Release|Win32.Deploy.0 = Release|Win32
		{72C124A2-3C80-41C6-ABA1-C4948B713204}.Release|x64.ActiveCfg = Release|x64
		{72C124A2-3C80-41C6-ABA1-C4948B713204}.Release|x64.Build.0 = Release|x64
		{72C124A2-3C80-41C6-ABA1-C4948B713204}.Release|x64.Deploy.0 = Release|x64
	EndGlobalSection
	GlobalSection(SolutionProperties) = preSolution
		HideSolutionNode = FALSE
	EndGlobalSection
	GlobalSection(ExtensibilityGlobals) = postSolution
		SolutionGuid = {096726E0-A447-47E3-8E9C-3F2B2C695CFC}
	EndGlobalSection
EndGlobal
