
Microsoft Visual Studio Solution File, Format Version 12.00
# Visual Studio Version 16
VisualStudioVersion = 16.0.29411.108
MinimumVisualStudioVersion = 10.0.40219.1
Project("{9A19103F-16F7-4668-BE54-9A1E7A4F7556}") = "CustomBuildTool", "CustomBuildTool.csproj", "{CD644DF2-A658-4CBC-9497-CA5DD13CFEC3}"
EndProject
Global
	GlobalSection(SolutionConfigurationPlatforms) = preSolution
		Debug|Any CPU = Debug|Any CPU
		Release|Any CPU = Release|Any CPU
	EndGlobalSection
	GlobalSection(ProjectConfigurationPlatforms) = postSolution
		{CD644DF2-A658-4CBC-9497-CA5DD13CFEC3}.Debug|Any CPU.ActiveCfg = Debug|Any CPU
		{CD644DF2-A658-4CBC-9497-CA5DD13CFEC3}.Debug|Any CPU.Build.0 = Debug|Any CPU
		{CD644DF2-A658-4CBC-9497-CA5DD13CFEC3}.Release|Any CPU.ActiveCfg = Release|Any CPU
		{CD644DF2-A658-4CBC-9497-CA5DD13CFEC3}.Release|Any CPU.Build.0 = Release|Any CPU
	EndGlobalSection
	GlobalSection(SolutionProperties) = preSolution
		HideSolutionNode = FALSE
	EndGlobalSection
	GlobalSection(ExtensibilityGlobals) = postSolution
		SolutionGuid = {0AFEBEF0-0A75-4953-97DD-CFE70C7C1E56}
	EndGlobalSection
EndGlobal
