<?xml version="1.0" encoding="utf-8"?>
<Project ToolsVersion="4.0" xmlns="http://schemas.microsoft.com/developer/msbuild/2003">
  <ItemGroup>
    <Filter Include="Source Files">
      <UniqueIdentifier>{4FC737F1-C7A5-4376-A066-2A32D752A2FF}</UniqueIdentifier>
      <Extensions>cpp;c;cc;cxx;def;odl;idl;hpj;bat;asm;asmx</Extensions>
    </Filter>
    <Filter Include="Header Files">
      <UniqueIdentifier>{93995380-89BD-4b04-88EB-625FBE52EBFB}</UniqueIdentifier>
      <Extensions>h;hh;hpp;hxx;hm;inl;inc;xsd</Extensions>
    </Filter>
    <Filter Include="Resource Files">
      <UniqueIdentifier>{67DA6AB6-F800-4c08-8B7A-83BB121AAD01}</UniqueIdentifier>
      <Extensions>rc;ico;cur;bmp;dlg;rc2;rct;bin;rgs;gif;jpg;jpeg;jpe;resx;tiff;tif;png;wav;mfcribbon-ms</Extensions>
    </Filter>
    <Filter Include="Source Files\pages">
      <UniqueIdentifier>{c394360d-d423-4249-a23e-70558948e7f2}</UniqueIdentifier>
    </Filter>
    <Filter Include="Resource Files\Content">
      <UniqueIdentifier>{3f81aff6-dff1-4573-bb20-ac132fa9297b}</UniqueIdentifier>
    </Filter>
  </ItemGroup>
  <ItemGroup>
    <ClCompile Include="main.c">
      <Filter>Source Files</Filter>
    </ClCompile>
    <ClCompile Include="extract.c">
      <Filter>Source Files</Filter>
    </ClCompile>
    <ClCompile Include="update.c">
      <Filter>Source Files</Filter>
    </ClCompile>
    <ClCompile Include="uninstall.c">
      <Filter>Source Files</Filter>
    </ClCompile>
    <ClCompile Include="download.c">
      <Filter>Source Files</Filter>
    </ClCompile>
    <ClCompile Include="startpage.c">
      <Filter>Source Files\pages</Filter>
    </ClCompile>
    <ClCompile Include="licencepage.c">
      <Filter>Source Files\pages</Filter>
    </ClCompile>
    <ClCompile Include="configpage.c">
      <Filter>Source Files\pages</Filter>
    </ClCompile>
    <ClCompile Include="downloadpage.c">
      <Filter>Source Files\pages</Filter>
    </ClCompile>
    <ClCompile Include="extractpage.c">
      <Filter>Source Files\pages</Filter>
    </ClCompile>
    <ClCompile Include="websetuppage.c">
      <Filter>Source Files\pages</Filter>
    </ClCompile>
    <ClCompile Include="util.c">
      <Filter>Source Files</Filter>
    </ClCompile>
  </ItemGroup>
  <ItemGroup>
    <ClInclude Include="include\setup.h">
      <Filter>Header Files</Filter>
    </ClInclude>
    <ClInclude Include="resource.h">
      <Filter>Header Files</Filter>
    </ClInclude>
  </ItemGroup>
  <ItemGroup>
    <ResourceCompile Include="resource.rc">
      <Filter>Resource Files</Filter>
    </ResourceCompile>
    <ResourceCompile Include="version.rc">
      <Filter>Resource Files</Filter>
    </ResourceCompile>
  </ItemGroup>
  <ItemGroup>
    <Manifest Include="app.manifest">
      <Filter>Resource Files\Content</Filter>
    </Manifest>
  </ItemGroup>
  <ItemGroup>
    <Image Include="SystemInformer.ico">
      <Filter>Resource Files\Content</Filter>
    </Image>
  </ItemGroup>
</Project>