<?xml version="1.0" encoding="utf-8"?>
<Project ToolsVersion="4.0" xmlns="http://schemas.microsoft.com/developer/msbuild/2003">
  <ItemGroup>
    <Filter Include="Source Files">
      <UniqueIdentifier>{4FC737F1-C7A5-4376-A066-2A32D752A2FF}</UniqueIdentifier>
      <Extensions>cpp;c;cc;cxx;def;odl;idl;hpj;bat;asm;asmx</Extensions>
    </Filter>
    <Filter Include="Header Files">
      <UniqueIdentifier>{93995380-89BD-4b04-88EB-625FBE52EBFB}</UniqueIdentifier>
      <Extensions>h;hpp;hxx;hm;inl;inc;xsd</Extensions>
    </Filter>
    <Filter Include="Resource Files">
      <UniqueIdentifier>{67DA6AB6-F800-4c08-8B7A-83BB121AAD01}</UniqueIdentifier>
      <Extensions>rc;ico;cur;bmp;dlg;rc2;rct;bin;rgs;gif;jpg;jpeg;jpe;resx;tiff;tif;png;wav</Extensions>
    </Filter>
    <Filter Include="Header Files\clr">
      <UniqueIdentifier>{6b9aae9c-fc27-4d95-b258-53eb88081e1b}</UniqueIdentifier>
    </Filter>
  </ItemGroup>
  <ItemGroup>
    <ClCompile Include="main.c">
      <Filter>Source Files</Filter>
    </ClCompile>
    <ClCompile Include="perfpage.c">
      <Filter>Source Files</Filter>
    </ClCompile>
    <ClCompile Include="counters.c">
      <Filter>Source Files</Filter>
    </ClCompile>
    <ClCompile Include="asmpage.c">
      <Filter>Source Files</Filter>
    </ClCompile>
    <ClCompile Include="clrsup.c">
      <Filter>Source Files</Filter>
    </ClCompile>
    <ClCompile Include="stackext.c">
      <Filter>Source Files</Filter>
    </ClCompile>
    <ClCompile Include="treeext.c">
      <Filter>Source Files</Filter>
    </ClCompile>
    <ClCompile Include="svcext.c">
      <Filter>Source Files</Filter>
    </ClCompile>
  </ItemGroup>
  <ItemGroup>
    <ClInclude Include="dn.h">
      <Filter>Header Files</Filter>
    </ClInclude>
    <ClInclude Include="resource.h">
      <Filter>Header Files</Filter>
    </ClInclude>
    <ClInclude Include="clretw.h">
      <Filter>Header Files</Filter>
    </ClInclude>
    <ClInclude Include="clrsup.h">
      <Filter>Header Files</Filter>
    </ClInclude>
    <ClInclude Include="svcext.h">
      <Filter>Header Files</Filter>
    </ClInclude>
    <ClInclude Include="clr\dbgappdomain.h">
      <Filter>Header Files\clr</Filter>
    </ClInclude>
    <ClInclude Include="clr\ipcenums.h">
      <Filter>Header Files\clr</Filter>
    </ClInclude>
    <ClInclude Include="clr\ipcheader.h">
      <Filter>Header Files\clr</Filter>
    </ClInclude>
    <ClInclude Include="clr\ipcshared.h">
      <Filter>Header Files\clr</Filter>
    </ClInclude>
    <ClInclude Include="clr\perfcounterdefs.h">
      <Filter>Header Files\clr</Filter>
    </ClInclude>
    <ClInclude Include="clr\dacprivate.h">
      <Filter>Header Files\clr</Filter>
    </ClInclude>
    <ClInclude Include="clr\sospriv.h">
      <Filter>Header Files\clr</Filter>
    </ClInclude>
    <ClInclude Include="clr\xclrdata.h">
      <Filter>Header Files\clr</Filter>
    </ClInclude>
  </ItemGroup>
  <ItemGroup>
    <None Include="CHANGELOG.txt" />
  </ItemGroup>
  <ItemGroup>
    <ResourceCompile Include="DotNetTools.rc">
      <Filter>Resource Files</Filter>
    </ResourceCompile>
  </ItemGroup>
</Project>