
Microsoft Visual Studio Solution File, Format Version 12.00
# Visual Studio 14
VisualStudioVersion = 14.0.24720.0
MinimumVisualStudioVersion = 10.0.40219.1
Project("{8BC9CEB8-8B4A-11D0-8D11-00A0C91BC942}") = "ProcessHackerSetup", "ProcessHackerSetup\ProcessHackerSetup.vcxproj", "{5C00734F-F50A-49FC-9D2A-F6EE51ECB00F}"
EndProject
Global
	GlobalSection(SolutionConfigurationPlatforms) = preSolution
		Debug|Win32 = Debug|Win32
		Release|Win32 = Release|Win32
	EndGlobalSection
	GlobalSection(ProjectConfigurationPlatforms) = postSolution
		{5C00734F-F50A-49FC-9D2A-F6EE51ECB00F}.Debug|Win32.ActiveCfg = Debug|Win32
		{5C00734F-F50A-49FC-9D2A-F6EE51ECB00F}.Debug|Win32.Build.0 = Debug|Win32
		{5C00734F-F50A-49FC-9D2A-F6EE51ECB00F}.Release|Win32.ActiveCfg = Release|Win32
		{5C00734F-F50A-49FC-9D2A-F6EE51ECB00F}.Release|Win32.Build.0 = Release|Win32
	EndGlobalSection
	GlobalSection(SolutionProperties) = preSolution
		HideSolutionNode = FALSE
	EndGlobalSection
EndGlobal
