<?xml version="1.0" encoding="utf-8"?>
<Project ToolsVersion="4.0" xmlns="http://schemas.microsoft.com/developer/msbuild/2003">
  <ItemGroup>
    <Filter Include="Source Files">
      <UniqueIdentifier>{4FC737F1-C7A5-4376-A066-2A32D752A2FF}</UniqueIdentifier>
      <Extensions>cpp;c;cc;cxx;def;odl;idl;hpj;bat;asm;asmx</Extensions>
    </Filter>
    <Filter Include="Header Files">
      <UniqueIdentifier>{93995380-89BD-4b04-88EB-625FBE52EBFB}</UniqueIdentifier>
      <Extensions>h;hh;hpp;hxx;hm;inl;inc;xsd</Extensions>
    </Filter>
    <Filter Include="Resource Files">
      <UniqueIdentifier>{67DA6AB6-F800-4c08-8B7A-83BB121AAD01}</UniqueIdentifier>
      <Extensions>rc;ico;cur;bmp;dlg;rc2;rct;bin;rgs;gif;jpg;jpeg;jpe;resx;tiff;tif;png;wav;mfcribbon-ms</Extensions>
    </Filter>
    <Filter Include="Source Files\pages">
      <UniqueIdentifier>{c394360d-d423-4249-a23e-70558948e7f2}</UniqueIdentifier>
    </Filter>
    <Filter Include="Source Files\zip">
      <UniqueIdentifier>{5c3f4462-038f-468f-8ab2-7e153d301c33}</UniqueIdentifier>
    </Filter>
    <Filter Include="Header Files\zip">
      <UniqueIdentifier>{7a7dfb06-20d6-4ea2-8992-26ea6e6cf1d9}</UniqueIdentifier>
    </Filter>
    <Filter Include="Source Files\json">
      <UniqueIdentifier>{0e40a0b6-7e1f-4ef2-9c13-14d083de096e}</UniqueIdentifier>
    </Filter>
    <Filter Include="Header Files\json">
      <UniqueIdentifier>{8d69960b-e11c-4029-b39e-dee698bb871b}</UniqueIdentifier>
    </Filter>
    <Filter Include="Resource Files\Content">
      <UniqueIdentifier>{3f81aff6-dff1-4573-bb20-ac132fa9297b}</UniqueIdentifier>
    </Filter>
  </ItemGroup>
  <ItemGroup>
    <ClCompile Include="main.c">
      <Filter>Source Files</Filter>
    </ClCompile>
    <ClCompile Include="page1.c">
      <Filter>Source Files\pages</Filter>
    </ClCompile>
    <ClCompile Include="page2.c">
      <Filter>Source Files\pages</Filter>
    </ClCompile>
    <ClCompile Include="page4.c">
      <Filter>Source Files\pages</Filter>
    </ClCompile>
    <ClCompile Include="page3.c">
      <Filter>Source Files\pages</Filter>
    </ClCompile>
    <ClCompile Include="extract.c">
      <Filter>Source Files</Filter>
    </ClCompile>
    <ClCompile Include="setup.c">
      <Filter>Source Files</Filter>
    </ClCompile>
    <ClCompile Include="appsup.c">
      <Filter>Source Files</Filter>
    </ClCompile>
    <ClCompile Include="miniz\minizip.c">
      <Filter>Source Files\zip</Filter>
    </ClCompile>
    <ClCompile Include="update.c">
      <Filter>Source Files</Filter>
    </ClCompile>
    <ClCompile Include="uninstall.c">
      <Filter>Source Files</Filter>
    </ClCompile>
    <ClCompile Include="download.c">
      <Filter>Source Files</Filter>
    </ClCompile>
    <ClCompile Include="page5.c">
      <Filter>Source Files\pages</Filter>
    </ClCompile>
    <ClCompile Include="json-c\arraylist.c">
      <Filter>Source Files\json</Filter>
    </ClCompile>
    <ClCompile Include="json-c\json_object.c">
      <Filter>Source Files\json</Filter>
    </ClCompile>
    <ClCompile Include="json-c\json_object_iterator.c">
      <Filter>Source Files\json</Filter>
    </ClCompile>
    <ClCompile Include="json-c\json_tokener.c">
      <Filter>Source Files\json</Filter>
    </ClCompile>
    <ClCompile Include="json-c\json_util.c">
      <Filter>Source Files\json</Filter>
    </ClCompile>
    <ClCompile Include="json-c\libjson.c">
      <Filter>Source Files\json</Filter>
    </ClCompile>
    <ClCompile Include="json-c\linkhash.c">
      <Filter>Source Files\json</Filter>
    </ClCompile>
    <ClCompile Include="json-c\json_c_version.c">
      <Filter>Source Files\json</Filter>
    </ClCompile>
    <ClCompile Include="json-c\printbuf.c">
      <Filter>Source Files\json</Filter>
    </ClCompile>
    <ClCompile Include="json-c\random_seed.c">
      <Filter>Source Files\json</Filter>
    </ClCompile>
    <ClCompile Include="json-c\debug.c">
      <Filter>Source Files\json</Filter>
    </ClCompile>
    <ClCompile Include="error.c">
      <Filter>Source Files\pages</Filter>
    </ClCompile>
  </ItemGroup>
  <ItemGroup>
    <ClInclude Include="include\setup.h">
      <Filter>Header Files</Filter>
    </ClInclude>
    <ClInclude Include="resource.h">
      <Filter>Header Files</Filter>
    </ClInclude>
    <ClInclude Include="include\appsup.h">
      <Filter>Header Files</Filter>
    </ClInclude>
    <ClInclude Include="miniz\miniz.h">
      <Filter>Header Files\zip</Filter>
    </ClInclude>
    <ClInclude Include="json-c\arraylist.h">
      <Filter>Header Files\json</Filter>
    </ClInclude>
    <ClInclude Include="json-c\bits.h">
      <Filter>Header Files\json</Filter>
    </ClInclude>
    <ClInclude Include="json-c\json_c_version.h">
      <Filter>Header Files\json</Filter>
    </ClInclude>
    <ClInclude Include="json-c\json_config.h">
      <Filter>Header Files\json</Filter>
    </ClInclude>
    <ClInclude Include="json-c\json_inttypes.h">
      <Filter>Header Files\json</Filter>
    </ClInclude>
    <ClInclude Include="json-c\json_object.h">
      <Filter>Header Files\json</Filter>
    </ClInclude>
    <ClInclude Include="json-c\json_object_iterator.h">
      <Filter>Header Files\json</Filter>
    </ClInclude>
    <ClInclude Include="json-c\json_tokener.h">
      <Filter>Header Files\json</Filter>
    </ClInclude>
    <ClInclude Include="json-c\json_util.h">
      <Filter>Header Files\json</Filter>
    </ClInclude>
    <ClInclude Include="json-c\linkhash.h">
      <Filter>Header Files\json</Filter>
    </ClInclude>
    <ClInclude Include="json-c\math_compat.h">
      <Filter>Header Files\json</Filter>
    </ClInclude>
    <ClInclude Include="json-c\random_seed.h">
      <Filter>Header Files\json</Filter>
    </ClInclude>
    <ClInclude Include="json-c\json_object_private.h">
      <Filter>Header Files\json</Filter>
    </ClInclude>
    <ClInclude Include="json-c\json.h">
      <Filter>Header Files\json</Filter>
    </ClInclude>
    <ClInclude Include="json-c\config.h">
      <Filter>Header Files\json</Filter>
    </ClInclude>
    <ClInclude Include="json-c\debug.h">
      <Filter>Header Files\json</Filter>
    </ClInclude>
    <ClInclude Include="json-c\printbuf.h">
      <Filter>Header Files\json</Filter>
    </ClInclude>
  </ItemGroup>
  <ItemGroup>
    <Image Include="resources\ProcessHacker.ico">
      <Filter>Resource Files\Content</Filter>
    </Image>
    <Image Include="resources\ProcessHacker.png">
      <Filter>Resource Files\Content</Filter>
    </Image>
  </ItemGroup>
  <ItemGroup>
    <ResourceCompile Include="resource.rc">
      <Filter>Resource Files</Filter>
    </ResourceCompile>
    <ResourceCompile Include="resources\version.rc">
      <Filter>Resource Files</Filter>
    </ResourceCompile>
  </ItemGroup>
  <ItemGroup>
    <Text Include="resources\LICENSE.txt">
      <Filter>Resource Files\Content</Filter>
    </Text>
  </ItemGroup>
  <ItemGroup>
    <None Include="..\..\..\build\output\processhacker-build-bin.zip">
      <Filter>Resource Files\Content</Filter>
    </None>
  </ItemGroup>
  <ItemGroup>
    <Manifest Include="resources\app.manifest">
      <Filter>Resource Files\Content</Filter>
    </Manifest>
  </ItemGroup>
</Project>