<?xml version="1.0" encoding="utf-8"?>
<Project ToolsVersion="4.0" xmlns="http://schemas.microsoft.com/developer/msbuild/2003">
  <ItemGroup>
    <Filter Include="Source Files">
      <UniqueIdentifier>{4FC737F1-C7A5-4376-A066-2A32D752A2FF}</UniqueIdentifier>
      <Extensions>cpp;c;cc;cxx;def;odl;idl;hpj;bat;asm;asmx</Extensions>
    </Filter>
    <Filter Include="Header Files">
      <UniqueIdentifier>{93995380-89BD-4b04-88EB-625FBE52EBFB}</UniqueIdentifier>
      <Extensions>h;hpp;hxx;hm;inl;inc;xsd</Extensions>
    </Filter>
    <Filter Include="Resource Files">
      <UniqueIdentifier>{67DA6AB6-F800-4c08-8B7A-83BB121AAD01}</UniqueIdentifier>
      <Extensions>rc;ico;cur;bmp;dlg;rc2;rct;bin;rgs;gif;jpg;jpeg;jpe;resx;tiff;tif;png;wav</Extensions>
    </Filter>
  </ItemGroup>
  <ItemGroup>
    <ClCompile Include="basesup.c">
      <Filter>Source Files</Filter>
    </ClCompile>
    <ClCompile Include="basesupa.c">
      <Filter>Source Files</Filter>
    </ClCompile>
    <ClCompile Include="basesupx.c">
      <Filter>Source Files</Filter>
    </ClCompile>
    <ClCompile Include="circbuf.c">
      <Filter>Source Files</Filter>
    </ClCompile>
    <ClCompile Include="collect.c">
      <Filter>Source Files</Filter>
    </ClCompile>
    <ClCompile Include="colorbox.c">
      <Filter>Source Files</Filter>
    </ClCompile>
    <ClCompile Include="data.c">
      <Filter>Source Files</Filter>
    </ClCompile>
    <ClCompile Include="dspick.c">
      <Filter>Source Files</Filter>
    </ClCompile>
    <ClCompile Include="emenu.c">
      <Filter>Source Files</Filter>
    </ClCompile>
    <ClCompile Include="error.c">
      <Filter>Source Files</Filter>
    </ClCompile>
    <ClCompile Include="extlv.c">
      <Filter>Source Files</Filter>
    </ClCompile>
    <ClCompile Include="fastlock.c">
      <Filter>Source Files</Filter>
    </ClCompile>
    <ClCompile Include="format.c">
      <Filter>Source Files</Filter>
    </ClCompile>
    <ClCompile Include="global.c">
      <Filter>Source Files</Filter>
    </ClCompile>
    <ClCompile Include="graph.c">
      <Filter>Source Files</Filter>
    </ClCompile>
    <ClCompile Include="guisup.c">
      <Filter>Source Files</Filter>
    </ClCompile>
    <ClCompile Include="handle.c">
      <Filter>Source Files</Filter>
    </ClCompile>
    <ClCompile Include="hexedit.c">
      <Filter>Source Files</Filter>
    </ClCompile>
    <ClCompile Include="hndlinfo.c">
      <Filter>Source Files</Filter>
    </ClCompile>
    <ClCompile Include="icotobmp.c">
      <Filter>Source Files</Filter>
    </ClCompile>
    <ClCompile Include="iosup.c">
      <Filter>Source Files</Filter>
    </ClCompile>
    <ClCompile Include="kph.c">
      <Filter>Source Files</Filter>
    </ClCompile>
    <ClCompile Include="lsa.c">
      <Filter>Source Files</Filter>
    </ClCompile>
    <ClCompile Include="mapimg.c">
      <Filter>Source Files</Filter>
    </ClCompile>
    <ClCompile Include="maplib.c">
      <Filter>Source Files</Filter>
    </ClCompile>
    <ClCompile Include="md5.c">
      <Filter>Source Files</Filter>
    </ClCompile>
    <ClCompile Include="native.c">
      <Filter>Source Files</Filter>
    </ClCompile>
    <ClCompile Include="ntimport.c">
      <Filter>Source Files</Filter>
    </ClCompile>
    <ClCompile Include="pcre\pcre_chartables.c">
      <Filter>Source Files</Filter>
    </ClCompile>
    <ClCompile Include="pcre\pcre_compile.c">
      <Filter>Source Files</Filter>
    </ClCompile>
    <ClCompile Include="pcre\pcre_config.c">
      <Filter>Source Files</Filter>
    </ClCompile>
    <ClCompile Include="pcre\pcre_dfa_exec.c">
      <Filter>Source Files</Filter>
    </ClCompile>
    <ClCompile Include="pcre\pcre_exec.c">
      <Filter>Source Files</Filter>
    </ClCompile>
    <ClCompile Include="pcre\pcre_fullinfo.c">
      <Filter>Source Files</Filter>
    </ClCompile>
    <ClCompile Include="pcre\pcre_get.c">
      <Filter>Source Files</Filter>
    </ClCompile>
    <ClCompile Include="pcre\pcre_globals.c">
      <Filter>Source Files</Filter>
    </ClCompile>
    <ClCompile Include="pcre\pcre_info.c">
      <Filter>Source Files</Filter>
    </ClCompile>
    <ClCompile Include="pcre\pcre_maketables.c">
      <Filter>Source Files</Filter>
    </ClCompile>
    <ClCompile Include="pcre\pcre_newline.c">
      <Filter>Source Files</Filter>
    </ClCompile>
    <ClCompile Include="pcre\pcre_ord2utf8.c">
      <Filter>Source Files</Filter>
    </ClCompile>
    <ClCompile Include="pcre\pcre_refcount.c">
      <Filter>Source Files</Filter>
    </ClCompile>
    <ClCompile Include="pcre\pcre_study.c">
      <Filter>Source Files</Filter>
    </ClCompile>
    <ClCompile Include="pcre\pcre_tables.c">
      <Filter>Source Files</Filter>
    </ClCompile>
    <ClCompile Include="pcre\pcre_try_flipped.c">
      <Filter>Source Files</Filter>
    </ClCompile>
    <ClCompile Include="pcre\pcre_ucd.c">
      <Filter>Source Files</Filter>
    </ClCompile>
    <ClCompile Include="pcre\pcre_valid_utf8.c">
      <Filter>Source Files</Filter>
    </ClCompile>
    <ClCompile Include="pcre\pcre_version.c">
      <Filter>Source Files</Filter>
    </ClCompile>
    <ClCompile Include="pcre\pcre_xclass.c">
      <Filter>Source Files</Filter>
    </ClCompile>
    <ClCompile Include="pcre\pcreposix.c">
      <Filter>Source Files</Filter>
    </ClCompile>
    <ClCompile Include="provider.c">
      <Filter>Source Files</Filter>
    </ClCompile>
    <ClCompile Include="queuedlock.c">
      <Filter>Source Files</Filter>
    </ClCompile>
    <ClCompile Include="ref.c">
      <Filter>Source Files</Filter>
    </ClCompile>
    <ClCompile Include="secdata.c">
      <Filter>Source Files</Filter>
    </ClCompile>
    <ClCompile Include="secedit.c">
      <Filter>Source Files</Filter>
    </ClCompile>
    <ClCompile Include="sha.c">
      <Filter>Source Files</Filter>
    </ClCompile>
    <ClCompile Include="support.c">
      <Filter>Source Files</Filter>
    </ClCompile>
    <ClCompile Include="svcsup.c">
      <Filter>Source Files</Filter>
    </ClCompile>
    <ClCompile Include="symprv.c">
      <Filter>Source Files</Filter>
    </ClCompile>
    <ClCompile Include="sync.c">
      <Filter>Source Files</Filter>
    </ClCompile>
    <ClCompile Include="treelist.c">
      <Filter>Source Files</Filter>
    </ClCompile>
    <ClCompile Include="verify.c">
      <Filter>Source Files</Filter>
    </ClCompile>
    <ClCompile Include="workqueue.c">
      <Filter>Source Files</Filter>
    </ClCompile>
  </ItemGroup>
  <ItemGroup>
    <ClInclude Include="include\phsync.h">
      <Filter>Source Files</Filter>
    </ClInclude>
    <ClInclude Include="include\circbuf.h">
      <Filter>Header Files</Filter>
    </ClInclude>
    <ClInclude Include="include\circbuf_h.h">
      <Filter>Header Files</Filter>
    </ClInclude>
    <ClInclude Include="circbuf_i.h">
      <Filter>Header Files</Filter>
    </ClInclude>
    <ClInclude Include="include\colorbox.h">
      <Filter>Header Files</Filter>
    </ClInclude>
    <ClInclude Include="pcre\config.h">
      <Filter>Header Files</Filter>
    </ClInclude>
    <ClInclude Include="include\dltmgr.h">
      <Filter>Header Files</Filter>
    </ClInclude>
    <ClInclude Include="include\dspick.h">
      <Filter>Header Files</Filter>
    </ClInclude>
    <ClInclude Include="include\emenu.h">
      <Filter>Header Files</Filter>
    </ClInclude>
    <ClInclude Include="include\fastlock.h">
      <Filter>Header Files</Filter>
    </ClInclude>
    <ClInclude Include="format_i.h">
      <Filter>Header Files</Filter>
    </ClInclude>
    <ClInclude Include="include\graph.h">
      <Filter>Header Files</Filter>
    </ClInclude>
    <ClInclude Include="include\guisupp.h">
      <Filter>Header Files</Filter>
    </ClInclude>
    <ClInclude Include="include\handlep.h">
      <Filter>Header Files</Filter>
    </ClInclude>
    <ClInclude Include="include\hexedit.h">
      <Filter>Header Files</Filter>
    </ClInclude>
    <ClInclude Include="include\hexeditp.h">
      <Filter>Header Files</Filter>
    </ClInclude>
    <ClInclude Include="include\iosupp.h">
      <Filter>Header Files</Filter>
    </ClInclude>
    <ClInclude Include="include\kph.h">
      <Filter>Header Files</Filter>
    </ClInclude>
    <ClInclude Include="include\md5.h">
      <Filter>Header Files</Filter>
    </ClInclude>
    <ClInclude Include="include\ntbasic.h">
      <Filter>Header Files</Filter>
    </ClInclude>
    <ClInclude Include="include\ntcm.h">
      <Filter>Header Files</Filter>
    </ClInclude>
    <ClInclude Include="include\ntdbg.h">
      <Filter>Header Files</Filter>
    </ClInclude>
    <ClInclude Include="include\ntexapi.h">
      <Filter>Header Files</Filter>
    </ClInclude>
    <ClInclude Include="include\ntgdi.h">
      <Filter>Header Files</Filter>
    </ClInclude>
    <ClInclude Include="include\ntimport.h">
      <Filter>Header Files</Filter>
    </ClInclude>
    <ClInclude Include="include\ntioapi.h">
      <Filter>Header Files</Filter>
    </ClInclude>
    <ClInclude Include="include\ntkeapi.h">
      <Filter>Header Files</Filter>
    </ClInclude>
    <ClInclude Include="include\ntldr.h">
      <Filter>Header Files</Filter>
    </ClInclude>
    <ClInclude Include="include\ntlpcapi.h">
      <Filter>Header Files</Filter>
    </ClInclude>
    <ClInclude Include="include\ntlsa.h">
      <Filter>Header Files</Filter>
    </ClInclude>
    <ClInclude Include="include\ntmisc.h">
      <Filter>Header Files</Filter>
    </ClInclude>
    <ClInclude Include="include\ntmmapi.h">
      <Filter>Header Files</Filter>
    </ClInclude>
    <ClInclude Include="include\ntnls.h">
      <Filter>Header Files</Filter>
    </ClInclude>
    <ClInclude Include="include\ntobapi.h">
      <Filter>Header Files</Filter>
    </ClInclude>
    <ClInclude Include="include\ntpebteb.h">
      <Filter>Header Files</Filter>
    </ClInclude>
    <ClInclude Include="include\ntpnpapi.h">
      <Filter>Header Files</Filter>
    </ClInclude>
    <ClInclude Include="include\ntpoapi.h">
      <Filter>Header Files</Filter>
    </ClInclude>
    <ClInclude Include="include\ntpsapi.h">
      <Filter>Header Files</Filter>
    </ClInclude>
    <ClInclude Include="include\ntregapi.h">
      <Filter>Header Files</Filter>
    </ClInclude>
    <ClInclude Include="include\ntrtl.h">
      <Filter>Header Files</Filter>
    </ClInclude>
    <ClInclude Include="include\ntsam.h">
      <Filter>Header Files</Filter>
    </ClInclude>
    <ClInclude Include="include\ntseapi.h">
      <Filter>Header Files</Filter>
    </ClInclude>
    <ClInclude Include="include\nttmapi.h">
      <Filter>Header Files</Filter>
    </ClInclude>
    <ClInclude Include="include\nttp.h">
      <Filter>Header Files</Filter>
    </ClInclude>
    <ClInclude Include="include\ntwin.h">
      <Filter>Header Files</Filter>
    </ClInclude>
    <ClInclude Include="include\ntwow64.h">
      <Filter>Header Files</Filter>
    </ClInclude>
    <ClInclude Include="include\ntxcapi.h">
      <Filter>Header Files</Filter>
    </ClInclude>
    <ClInclude Include="pcre\pcre.h">
      <Filter>Header Files</Filter>
    </ClInclude>
    <ClInclude Include="pcre\pcre_internal.h">
      <Filter>Header Files</Filter>
    </ClInclude>
    <ClInclude Include="pcre\pcreposix.h">
      <Filter>Header Files</Filter>
    </ClInclude>
    <ClInclude Include="include\ph.h">
      <Filter>Header Files</Filter>
    </ClInclude>
    <ClInclude Include="include\phbase.h">
      <Filter>Header Files</Filter>
    </ClInclude>
    <ClInclude Include="include\phgui.h">
      <Filter>Header Files</Filter>
    </ClInclude>
    <ClInclude Include="include\phnet.h">
      <Filter>Header Files</Filter>
    </ClInclude>
    <ClInclude Include="include\phnt.h">
      <Filter>Header Files</Filter>
    </ClInclude>
    <ClInclude Include="include\phsup.h">
      <Filter>Header Files</Filter>
    </ClInclude>
    <ClInclude Include="include\queuedlock.h">
      <Filter>Header Files</Filter>
    </ClInclude>
    <ClInclude Include="include\ref.h">
      <Filter>Header Files</Filter>
    </ClInclude>
    <ClInclude Include="include\refp.h">
      <Filter>Header Files</Filter>
    </ClInclude>
    <ClInclude Include="include\rev.h">
      <Filter>Header Files</Filter>
    </ClInclude>
    <ClInclude Include="include\seceditp.h">
      <Filter>Header Files</Filter>
    </ClInclude>
    <ClInclude Include="include\sha.h">
      <Filter>Header Files</Filter>
    </ClInclude>
    <ClInclude Include="include\symprv.h">
      <Filter>Header Files</Filter>
    </ClInclude>
    <ClInclude Include="include\templ.h">
      <Filter>Header Files</Filter>
    </ClInclude>
    <ClInclude Include="include\treelist.h">
      <Filter>Header Files</Filter>
    </ClInclude>
    <ClInclude Include="include\treelistp.h">
      <Filter>Header Files</Filter>
    </ClInclude>
    <ClInclude Include="pcre\ucp.h">
      <Filter>Header Files</Filter>
    </ClInclude>
    <ClInclude Include="include\verifyp.h">
      <Filter>Header Files</Filter>
    </ClInclude>
    <ClInclude Include="include\winsta.h">
      <Filter>Header Files</Filter>
    </ClInclude>
    <ClInclude Include="include\phintrnl.h">
      <Filter>Header Files</Filter>
    </ClInclude>
    <ClInclude Include="include\ntzwapi.h">
      <Filter>Header Files</Filter>
    </ClInclude>
  </ItemGroup>
  <ItemGroup>
    <None Include="pcre\pcre_printint.src" />
  </ItemGroup>
</Project>