<?xml version="1.0" encoding="utf-8"?>
<Project ToolsVersion="4.0" xmlns="http://schemas.microsoft.com/developer/msbuild/2003">
  <ItemGroup>
    <Filter Include="Source Files">
      <UniqueIdentifier>{4FC737F1-C7A5-4376-A066-2A32D752A2FF}</UniqueIdentifier>
      <Extensions>cpp;c;cc;cxx;def;odl;idl;hpj;bat;asm;asmx</Extensions>
    </Filter>
    <Filter Include="Header Files">
      <UniqueIdentifier>{93995380-89BD-4b04-88EB-625FBE52EBFB}</UniqueIdentifier>
      <Extensions>h;hpp;hxx;hm;inl;inc;xsd</Extensions>
    </Filter>
  </ItemGroup>
  <ItemGroup>
    <ClCompile Include="basesup.c">
      <Filter>Source Files</Filter>
    </ClCompile>
    <ClCompile Include="circbuf.c">
      <Filter>Source Files</Filter>
    </ClCompile>
    <ClCompile Include="colorbox.c">
      <Filter>Source Files</Filter>
    </ClCompile>
    <ClCompile Include="data.c">
      <Filter>Source Files</Filter>
    </ClCompile>
    <ClCompile Include="dspick.c">
      <Filter>Source Files</Filter>
    </ClCompile>
    <ClCompile Include="emenu.c">
      <Filter>Source Files</Filter>
    </ClCompile>
    <ClCompile Include="error.c">
      <Filter>Source Files</Filter>
    </ClCompile>
    <ClCompile Include="extlv.c">
      <Filter>Source Files</Filter>
    </ClCompile>
    <ClCompile Include="fastlock.c">
      <Filter>Source Files</Filter>
    </ClCompile>
    <ClCompile Include="format.c">
      <Filter>Source Files</Filter>
    </ClCompile>
    <ClCompile Include="global.c">
      <Filter>Source Files</Filter>
    </ClCompile>
    <ClCompile Include="graph.c">
      <Filter>Source Files</Filter>
    </ClCompile>
    <ClCompile Include="guisup.c">
      <Filter>Source Files</Filter>
    </ClCompile>
    <ClCompile Include="handle.c">
      <Filter>Source Files</Filter>
    </ClCompile>
    <ClCompile Include="hexedit.c">
      <Filter>Source Files</Filter>
    </ClCompile>
    <ClCompile Include="hndlinfo.c">
      <Filter>Source Files</Filter>
    </ClCompile>
    <ClCompile Include="icotobmp.c">
      <Filter>Source Files</Filter>
    </ClCompile>
    <ClCompile Include="kph.c">
      <Filter>Source Files</Filter>
    </ClCompile>
    <ClCompile Include="mapimg.c">
      <Filter>Source Files</Filter>
    </ClCompile>
    <ClCompile Include="maplib.c">
      <Filter>Source Files</Filter>
    </ClCompile>
    <ClCompile Include="native.c">
      <Filter>Source Files</Filter>
    </ClCompile>
    <ClCompile Include="provider.c">
      <Filter>Source Files</Filter>
    </ClCompile>
    <ClCompile Include="queuedlock.c">
      <Filter>Source Files</Filter>
    </ClCompile>
    <ClCompile Include="ref.c">
      <Filter>Source Files</Filter>
    </ClCompile>
    <ClCompile Include="secdata.c">
      <Filter>Source Files</Filter>
    </ClCompile>
    <ClCompile Include="secedit.c">
      <Filter>Source Files</Filter>
    </ClCompile>
    <ClCompile Include="svcsup.c">
      <Filter>Source Files</Filter>
    </ClCompile>
    <ClCompile Include="symprv.c">
      <Filter>Source Files</Filter>
    </ClCompile>
    <ClCompile Include="sync.c">
      <Filter>Source Files</Filter>
    </ClCompile>
    <ClCompile Include="verify.c">
      <Filter>Source Files</Filter>
    </ClCompile>
    <ClCompile Include="workqueue.c">
      <Filter>Source Files</Filter>
    </ClCompile>
    <ClCompile Include="cpysave.c">
      <Filter>Source Files</Filter>
    </ClCompile>
    <ClCompile Include="filepool.c">
      <Filter>Source Files</Filter>
    </ClCompile>
    <ClCompile Include="treenew.c">
      <Filter>Source Files</Filter>
    </ClCompile>
    <ClCompile Include="kphdata.c">
      <Filter>Source Files</Filter>
    </ClCompile>
    <ClCompile Include="apiimport.c">
      <Filter>Source Files</Filter>
    </ClCompile>
    <ClCompile Include="avltree.c">
      <Filter>Source Files</Filter>
    </ClCompile>
    <ClCompile Include="filestream.c">
      <Filter>Source Files</Filter>
    </ClCompile>
    <ClCompile Include="lsasup.c">
      <Filter>Source Files</Filter>
    </ClCompile>
    <ClCompile Include="util.c">
      <Filter>Source Files</Filter>
    </ClCompile>
    <ClCompile Include="settings.c">
      <Filter>Source Files</Filter>
    </ClCompile>
    <ClCompile Include="mapexlf.c">
      <Filter>Source Files</Filter>
    </ClCompile>
    <ClCompile Include="appresolver.c">
      <Filter>Source Files</Filter>
    </ClCompile>
    <ClCompile Include="theme.c">
      <Filter>Source Files</Filter>
    </ClCompile>
    <ClCompile Include="wslsup.c">
      <Filter>Source Files</Filter>
    </ClCompile>
    <ClCompile Include="http.c">
      <Filter>Source Files</Filter>
    </ClCompile>
    <ClCompile Include="format_std.cpp">
      <Filter>Source Files</Filter>
    </ClCompile>
    <ClCompile Include="json.c">
      <Filter>Source Files</Filter>
    </ClCompile>
    <ClCompile Include="imgcoherency.c">
      <Filter>Source Files</Filter>
    </ClCompile>
    <ClCompile Include="bcd.cpp">
      <Filter>Source Files</Filter>
    </ClCompile>
  </ItemGroup>
  <ItemGroup>
    <ClInclude Include="include\circbuf.h">
      <Filter>Header Files</Filter>
    </ClInclude>
    <ClInclude Include="include\circbuf_h.h">
      <Filter>Header Files</Filter>
    </ClInclude>
    <ClInclude Include="circbuf_i.h">
      <Filter>Header Files</Filter>
    </ClInclude>
    <ClInclude Include="include\colorbox.h">
      <Filter>Header Files</Filter>
    </ClInclude>
    <ClInclude Include="include\dltmgr.h">
      <Filter>Header Files</Filter>
    </ClInclude>
    <ClInclude Include="include\dspick.h">
      <Filter>Header Files</Filter>
    </ClInclude>
    <ClInclude Include="include\emenu.h">
      <Filter>Header Files</Filter>
    </ClInclude>
    <ClInclude Include="include\fastlock.h">
      <Filter>Header Files</Filter>
    </ClInclude>
    <ClInclude Include="format_i.h">
      <Filter>Header Files</Filter>
    </ClInclude>
    <ClInclude Include="include\graph.h">
      <Filter>Header Files</Filter>
    </ClInclude>
    <ClInclude Include="include\guisupp.h">
      <Filter>Header Files</Filter>
    </ClInclude>
    <ClInclude Include="include\handlep.h">
      <Filter>Header Files</Filter>
    </ClInclude>
    <ClInclude Include="include\hexedit.h">
      <Filter>Header Files</Filter>
    </ClInclude>
    <ClInclude Include="include\hexeditp.h">
      <Filter>Header Files</Filter>
    </ClInclude>
    <ClInclude Include="include\ph.h">
      <Filter>Header Files</Filter>
    </ClInclude>
    <ClInclude Include="include\phbase.h">
      <Filter>Header Files</Filter>
    </ClInclude>
    <ClInclude Include="include\phnet.h">
      <Filter>Header Files</Filter>
    </ClInclude>
    <ClInclude Include="include\phsup.h">
      <Filter>Header Files</Filter>
    </ClInclude>
    <ClInclude Include="include\queuedlock.h">
      <Filter>Header Files</Filter>
    </ClInclude>
    <ClInclude Include="include\ref.h">
      <Filter>Header Files</Filter>
    </ClInclude>
    <ClInclude Include="include\refp.h">
      <Filter>Header Files</Filter>
    </ClInclude>
    <ClInclude Include="include\seceditp.h">
      <Filter>Header Files</Filter>
    </ClInclude>
    <ClInclude Include="include\symprv.h">
      <Filter>Header Files</Filter>
    </ClInclude>
    <ClInclude Include="include\templ.h">
      <Filter>Header Files</Filter>
    </ClInclude>
    <ClInclude Include="include\verifyp.h">
      <Filter>Header Files</Filter>
    </ClInclude>
    <ClInclude Include="include\phintrnl.h">
      <Filter>Header Files</Filter>
    </ClInclude>
    <ClInclude Include="include\kphapi.h">
      <Filter>Header Files</Filter>
    </ClInclude>
    <ClInclude Include="include\kphuser.h">
      <Filter>Header Files</Filter>
    </ClInclude>
    <ClInclude Include="include\cpysave.h">
      <Filter>Header Files</Filter>
    </ClInclude>
    <ClInclude Include="include\filepool.h">
      <Filter>Header Files</Filter>
    </ClInclude>
    <ClInclude Include="include\filepoolp.h">
      <Filter>Header Files</Filter>
    </ClInclude>
    <ClInclude Include="include\treenew.h">
      <Filter>Header Files</Filter>
    </ClInclude>
    <ClInclude Include="include\treenewp.h">
      <Filter>Header Files</Filter>
    </ClInclude>
    <ClInclude Include="include\verify.h">
      <Filter>Header Files</Filter>
    </ClInclude>
    <ClInclude Include="include\secedit.h">
      <Filter>Header Files</Filter>
    </ClInclude>
    <ClInclude Include="include\symprvp.h">
      <Filter>Header Files</Filter>
    </ClInclude>
    <ClInclude Include="include\apiimport.h">
      <Filter>Header Files</Filter>
    </ClInclude>
    <ClInclude Include="include\handle.h">
      <Filter>Header Files</Filter>
    </ClInclude>
    <ClInclude Include="include\workqueue.h">
      <Filter>Header Files</Filter>
    </ClInclude>
    <ClInclude Include="include\mapimg.h">
      <Filter>Header Files</Filter>
    </ClInclude>
    <ClInclude Include="include\workqueuep.h">
      <Filter>Header Files</Filter>
    </ClInclude>
    <ClInclude Include="include\filestreamp.h">
      <Filter>Header Files</Filter>
    </ClInclude>
    <ClInclude Include="include\filestream.h">
      <Filter>Header Files</Filter>
    </ClInclude>
    <ClInclude Include="include\hndlinfo.h">
      <Filter>Header Files</Filter>
    </ClInclude>
    <ClInclude Include="include\provider.h">
      <Filter>Header Files</Filter>
    </ClInclude>
    <ClInclude Include="include\phdata.h">
      <Filter>Header Files</Filter>
    </ClInclude>
    <ClInclude Include="include\phconfig.h">
      <Filter>Header Files</Filter>
    </ClInclude>
    <ClInclude Include="include\phbasesup.h">
      <Filter>Header Files</Filter>
    </ClInclude>
    <ClInclude Include="include\lsasup.h">
      <Filter>Header Files</Filter>
    </ClInclude>
    <ClInclude Include="include\phnativeinl.h">
      <Filter>Header Files</Filter>
    </ClInclude>
    <ClInclude Include="include\phnative.h">
      <Filter>Header Files</Filter>
    </ClInclude>
    <ClInclude Include="include\svcsup.h">
      <Filter>Header Files</Filter>
    </ClInclude>
    <ClInclude Include="include\phutil.h">
      <Filter>Header Files</Filter>
    </ClInclude>
    <ClInclude Include="md5.h">
      <Filter>Header Files</Filter>
    </ClInclude>
    <ClInclude Include="sha.h">
      <Filter>Header Files</Filter>
    </ClInclude>
    <ClInclude Include="include\guisup.h">
      <Filter>Header Files</Filter>
    </ClInclude>
    <ClInclude Include="include\kphuserp.h">
      <Filter>Header Files</Filter>
    </ClInclude>
    <ClInclude Include="sha256.h">
      <Filter>Header Files</Filter>
    </ClInclude>
    <ClInclude Include="include\settings.h">
      <Filter>Header Files</Filter>
    </ClInclude>
    <ClInclude Include="include\json.h">
      <Filter>Header Files</Filter>
    </ClInclude>
    <ClInclude Include="include\exlf.h">
      <Filter>Header Files</Filter>
    </ClInclude>
    <ClInclude Include="include\appresolver.h">
      <Filter>Header Files</Filter>
    </ClInclude>
    <ClInclude Include="include\appresolverp.h">
      <Filter>Header Files</Filter>
    </ClInclude>
    <ClInclude Include="include\wslsup.h">
      <Filter>Header Files</Filter>
    </ClInclude>
    <ClInclude Include="include\exprodid.h">
      <Filter>Header Files</Filter>
    </ClInclude>
    <ClInclude Include="include\bcd.h">
      <Filter>Header Files</Filter>
    </ClInclude>
  </ItemGroup>
</Project>