<?xml version="1.0" encoding="utf-8"?>
<Project ToolsVersion="4.0" xmlns="http://schemas.microsoft.com/developer/msbuild/2003">
  <ItemGroup>
    <Filter Include="Source Files">
      <UniqueIdentifier>{4FC737F1-C7A5-4376-A066-2A32D752A2FF}</UniqueIdentifier>
      <Extensions>cpp;c;cc;cxx;def;odl;idl;hpj;bat;asm;asmx</Extensions>
    </Filter>
    <Filter Include="Header Files">
      <UniqueIdentifier>{93995380-89BD-4b04-88EB-625FBE52EBFB}</UniqueIdentifier>
      <Extensions>h;hpp;hxx;hm;inl;inc;xsd</Extensions>
    </Filter>
    <Filter Include="Resource Files">
      <UniqueIdentifier>{67DA6AB6-F800-4c08-8B7A-83BB121AAD01}</UniqueIdentifier>
      <Extensions>rc;ico;cur;bmp;dlg;rc2;rct;bin;rgs;gif;jpg;jpeg;jpe;resx;tiff;tif;png;wav</Extensions>
    </Filter>
    <Filter Include="Source Files\Video">
      <UniqueIdentifier>{d3096a42-7c1f-4edf-a5d2-d086f5e5b174}</UniqueIdentifier>
    </Filter>
    <Filter Include="Source Files\PresentMon">
      <UniqueIdentifier>{1638c7c9-1ff4-45d8-bf46-305c0091a37c}</UniqueIdentifier>
    </Filter>
    <Filter Include="Header Files\PresentMon">
      <UniqueIdentifier>{5bf99148-85a6-4371-b0e1-9778bce40b6c}</UniqueIdentifier>
    </Filter>
  </ItemGroup>
  <ItemGroup>
    <ClCompile Include="main.c">
      <Filter>Source Files</Filter>
    </ClCompile>
    <ClCompile Include="objprp.c">
      <Filter>Source Files</Filter>
    </ClCompile>
    <ClCompile Include="thrdact.c">
      <Filter>Source Files</Filter>
    </ClCompile>
    <ClCompile Include="unldll.c">
      <Filter>Source Files</Filter>
    </ClCompile>
    <ClCompile Include="modsrv.c">
      <Filter>Source Files</Filter>
    </ClCompile>
    <ClCompile Include="etwmon.c">
      <Filter>Source Files</Filter>
    </ClCompile>
    <ClCompile Include="etwstat.c">
      <Filter>Source Files</Filter>
    </ClCompile>
    <ClCompile Include="etwprprp.c">
      <Filter>Source Files</Filter>
    </ClCompile>
    <ClCompile Include="etwsys.c">
      <Filter>Source Files</Filter>
    </ClCompile>
    <ClCompile Include="options.c">
      <Filter>Source Files</Filter>
    </ClCompile>
    <ClCompile Include="treeext.c">
      <Filter>Source Files</Filter>
    </ClCompile>
    <ClCompile Include="etwdisk.c">
      <Filter>Source Files</Filter>
    </ClCompile>
    <ClCompile Include="disktab.c">
      <Filter>Source Files</Filter>
    </ClCompile>
    <ClCompile Include="utils.c">
      <Filter>Source Files</Filter>
    </ClCompile>
    <ClCompile Include="iconext.c">
      <Filter>Source Files</Filter>
    </ClCompile>
    <ClCompile Include="etwmini.c">
      <Filter>Source Files</Filter>
    </ClCompile>
    <ClCompile Include="gpumini.c">
      <Filter>Source Files\Video</Filter>
    </ClCompile>
    <ClCompile Include="gpumon.c">
      <Filter>Source Files\Video</Filter>
    </ClCompile>
    <ClCompile Include="gpunodes.c">
      <Filter>Source Files\Video</Filter>
    </ClCompile>
    <ClCompile Include="gpuprprp.c">
      <Filter>Source Files\Video</Filter>
    </ClCompile>
    <ClCompile Include="gpusys.c">
      <Filter>Source Files\Video</Filter>
    </ClCompile>
    <ClCompile Include="gpudetails.c">
      <Filter>Source Files\Video</Filter>
    </ClCompile>
    <ClCompile Include="svcext.c">
      <Filter>Source Files</Filter>
    </ClCompile>
    <ClCompile Include="counters.c">
      <Filter>Source Files</Filter>
    </ClCompile>
    <ClCompile Include="fwmon.c">
      <Filter>Source Files</Filter>
    </ClCompile>
    <ClCompile Include="fwtab.c">
      <Filter>Source Files</Filter>
    </ClCompile>
    <ClCompile Include="wswatch.c">
      <Filter>Source Files</Filter>
    </ClCompile>
    <ClCompile Include="framemon.cpp">
      <Filter>Source Files</Filter>
    </ClCompile>
    <ClCompile Include="frameprp.c">
      <Filter>Source Files</Filter>
    </ClCompile>
    <ClCompile Include="PresentMon\PresentMon.cpp">
      <Filter>Source Files\PresentMon</Filter>
    </ClCompile>
    <ClCompile Include="PresentMon\PresentMonTraceConsumer.cpp">
      <Filter>Source Files\PresentMon</Filter>
    </ClCompile>
    <ClCompile Include="PresentMon\TraceSession.cpp">
      <Filter>Source Files\PresentMon</Filter>
    </ClCompile>
    <ClCompile Include="PresentMon\TraceConsumer.cpp">
      <Filter>Source Files\PresentMon</Filter>
    </ClCompile>
    <ClCompile Include="waitchain.c">
      <Filter>Source Files</Filter>
    </ClCompile>
    <ClCompile Include="reparse.c">
      <Filter>Source Files</Filter>
    </ClCompile>
    <ClCompile Include="namedpipes.c">
      <Filter>Source Files</Filter>
    </ClCompile>
    <ClCompile Include="firmware.c">
      <Filter>Source Files</Filter>
    </ClCompile>
    <ClCompile Include="firmware_editor.c">
      <Filter>Source Files</Filter>
    </ClCompile>
    <ClCompile Include="objmgr.c">
      <Filter>Source Files</Filter>
    </ClCompile>
    <ClCompile Include="pooldb.c">
      <Filter>Source Files</Filter>
    </ClCompile>
    <ClCompile Include="pooldialog.c">
      <Filter>Source Files</Filter>
    </ClCompile>
    <ClCompile Include="pooldialogbig.c">
      <Filter>Source Files</Filter>
    </ClCompile>
    <ClCompile Include="pooltree.c">
      <Filter>Source Files</Filter>
    </ClCompile>
  </ItemGroup>
  <ItemGroup>
    <ClInclude Include="resource.h">
      <Filter>Header Files</Filter>
    </ClInclude>
    <ClInclude Include="exttools.h">
      <Filter>Header Files</Filter>
    </ClInclude>
    <ClInclude Include="etwmon.h">
      <Filter>Header Files</Filter>
    </ClInclude>
    <ClInclude Include="disktabp.h">
      <Filter>Header Files</Filter>
    </ClInclude>
    <ClInclude Include="gpumon.h">
      <Filter>Header Files</Filter>
    </ClInclude>
    <ClInclude Include="gpusys.h">
      <Filter>Header Files</Filter>
    </ClInclude>
    <ClInclude Include="etwsys.h">
      <Filter>Header Files</Filter>
    </ClInclude>
    <ClInclude Include="etwmini.h">
      <Filter>Header Files</Filter>
    </ClInclude>
    <ClInclude Include="gpumini.h">
      <Filter>Header Files</Filter>
    </ClInclude>
    <ClInclude Include="framemon.h">
      <Filter>Header Files</Filter>
    </ClInclude>
    <ClInclude Include="PresentMon\ETW\Microsoft_Windows_D3D9.h">
      <Filter>Header Files\PresentMon</Filter>
    </ClInclude>
    <ClInclude Include="PresentMon\ETW\Microsoft_Windows_Dwm_Core.h">
      <Filter>Header Files\PresentMon</Filter>
    </ClInclude>
    <ClInclude Include="PresentMon\ETW\Microsoft_Windows_DXGI.h">
      <Filter>Header Files\PresentMon</Filter>
    </ClInclude>
    <ClInclude Include="PresentMon\ETW\Microsoft_Windows_DxgKrnl.h">
      <Filter>Header Files\PresentMon</Filter>
    </ClInclude>
    <ClInclude Include="PresentMon\ETW\Microsoft_Windows_EventMetadata.h">
      <Filter>Header Files\PresentMon</Filter>
    </ClInclude>
    <ClInclude Include="PresentMon\ETW\Microsoft_Windows_Win32k.h">
      <Filter>Header Files\PresentMon</Filter>
    </ClInclude>
    <ClInclude Include="PresentMon\PresentMon.hpp">
      <Filter>Header Files\PresentMon</Filter>
    </ClInclude>
    <ClInclude Include="PresentMon\PresentMonTraceConsumer.hpp">
      <Filter>Header Files\PresentMon</Filter>
    </ClInclude>
    <ClInclude Include="PresentMon\TraceConsumer.hpp">
      <Filter>Header Files\PresentMon</Filter>
    </ClInclude>
    <ClInclude Include="extension\plugin.h">
      <Filter>Header Files</Filter>
    </ClInclude>
    <ClInclude Include="firmware.h">
      <Filter>Header Files</Filter>
    </ClInclude>
    <ClInclude Include="efi_guid_list.h">
      <Filter>Header Files</Filter>
    </ClInclude>
    <ClInclude Include="poolmon.h">
      <Filter>Header Files</Filter>
    </ClInclude>
  </ItemGroup>
  <ItemGroup>
    <None Include="CHANGELOG.txt" />
  </ItemGroup>
  <ItemGroup>
    <ResourceCompile Include="ExtendedTools.rc">
      <Filter>Resource Files</Filter>
    </ResourceCompile>
  </ItemGroup>
  <ItemGroup>
    <Text Include="resources\pooltag.txt">
      <Filter>Resource Files</Filter>
    </Text>
  </ItemGroup>
  <ItemGroup>
    <Image Include="resources\folder.ico">
      <Filter>Resource Files</Filter>
    </Image>
    <Image Include="resources\mutant.ico">
      <Filter>Resource Files</Filter>
    </Image>
    <Image Include="resources\driver.ico">
      <Filter>Resource Files</Filter>
    </Image>
    <Image Include="resources\section.ico">
      <Filter>Resource Files</Filter>
    </Image>
    <Image Include="resources\link.ico">
      <Filter>Resource Files</Filter>
    </Image>
    <Image Include="resources\key.ico">
      <Filter>Resource Files</Filter>
    </Image>
    <Image Include="resources\port.ico">
      <Filter>Resource Files</Filter>
    </Image>
    <Image Include="resources\session.ico">
      <Filter>Resource Files</Filter>
    </Image>
    <Image Include="resources\event.ico">
      <Filter>Resource Files</Filter>
    </Image>
    <Image Include="resources\device.ico">
      <Filter>Resource Files</Filter>
    </Image>
    <Image Include="resources\unknown.ico">
      <Filter>Resource Files</Filter>
    </Image>
  </ItemGroup>
</Project>