
Microsoft Visual Studio Solution File, Format Version 12.00
# Visual Studio 14
VisualStudioVersion = 14.0.25420.1
MinimumVisualStudioVersion = 14.0.25420.1
Project("{2150E333-8FDC-42A3-9474-1A3956D46DE8}") = "Solution Items", "Solution Items", "{53C3AE07-D96F-4F5C-B407-4195084472CF}"
	ProjectSection(SolutionItems) = preProject
		include\commonutil.h = include\commonutil.h
		Plugins.props = Plugins.props
		include\toolstatusintf.h = include\toolstatusintf.h
	EndProjectSection
EndProject
Project("{8BC9CEB8-8B4A-11D0-8D11-00A0C91BC942}") = "SbieSupport", "SbieSupport\SbieSupport.vcxproj", "{EEF1E81D-D286-422A-89E6-C6C8F3BE648A}"
EndProject
Project("{8BC9CEB8-8B4A-11D0-8D11-00A0C91BC942}") = "ExtendedNotifications", "ExtendedNotifications\ExtendedNotifications.vcxproj", "{80E791B8-AC98-407E-8FF9-5154AF50E887}"
EndProject
Project("{8BC9CEB8-8B4A-11D0-8D11-00A0C91BC942}") = "ToolStatus", "ToolStatus\ToolStatus.vcxproj", "{60B43533-C75E-4741-9E19-C4D581BEF51C}"
EndProject
Project("{8BC9CEB8-8B4A-11D0-8D11-00A0C91BC942}") = "ExtendedServices", "ExtendedServices\ExtendedServices.vcxproj", "{AC547368-D861-4B88-B5D4-E3B1F1AEEEDD}"
EndProject
Project("{8BC9CEB8-8B4A-11D0-8D11-00A0C91BC942}") = "NetworkTools", "NetworkTools\NetworkTools.vcxproj", "{B5E0DA09-EA01-4D5A-A9D6-5B22DB0C306E}"
EndProject
Project("{8BC9CEB8-8B4A-11D0-8D11-00A0C91BC942}") = "OnlineChecks", "OnlineChecks\OnlineChecks.vcxproj", "{79D24223-1122-40A9-BC8F-46A2089FE089}"
EndProject
Project("{8BC9CEB8-8B4A-11D0-8D11-00A0C91BC942}") = "ExtendedTools", "ExtendedTools\ExtendedTools.vcxproj", "{3437FD16-A3BF-4938-883A-EB0DF1584A2A}"
EndProject
Project("{8BC9CEB8-8B4A-11D0-8D11-00A0C91BC942}") = "WindowExplorer", "WindowExplorer\WindowExplorer.vcxproj", "{37488DC1-E45F-4626-A87C-3A854A153D1A}"
EndProject
Project("{8BC9CEB8-8B4A-11D0-8D11-00A0C91BC942}") = "DotNetTools", "DotNetTools\DotNetTools.vcxproj", "{2B3235B0-31E1-44DA-81A1-183F40517E47}"
EndProject
Project("{8BC9CEB8-8B4A-11D0-8D11-00A0C91BC942}") = "Updater", "Updater\Updater.vcxproj", "{A0C1595C-FA3E-4B7A-936C-306BC6294C5E}"
EndProject
Project("{8BC9CEB8-8B4A-11D0-8D11-00A0C91BC942}") = "UserNotes", "UserNotes\UserNotes.vcxproj", "{7C38D0AA-572C-4D75-8E4E-D68AF3C051AF}"
EndProject
Project("{8BC9CEB8-8B4A-11D0-8D11-00A0C91BC942}") = "HardwareDevices", "HardwareDevices\HardwareDevices.vcxproj", "{5F0D72C4-8319-4B61-9E13-6084B680EB90}"
EndProject
Global
	GlobalSection(SolutionConfigurationPlatforms) = preSolution
		Debug|Win32 = Debug|Win32
		Debug|x64 = Debug|x64
		Release|Win32 = Release|Win32
		Release|x64 = Release|x64
	EndGlobalSection
	GlobalSection(ProjectConfigurationPlatforms) = postSolution
		{EEF1E81D-D286-422A-89E6-C6C8F3BE648A}.Debug|Win32.ActiveCfg = Debug|Win32
		{EEF1E81D-D286-422A-89E6-C6C8F3BE648A}.Debug|Win32.Build.0 = Debug|Win32
		{EEF1E81D-D286-422A-89E6-C6C8F3BE648A}.Debug|x64.ActiveCfg = Debug|x64
		{EEF1E81D-D286-422A-89E6-C6C8F3BE648A}.Debug|x64.Build.0 = Debug|x64
		{EEF1E81D-D286-422A-89E6-C6C8F3BE648A}.Release|Win32.ActiveCfg = Release|Win32
		{EEF1E81D-D286-422A-89E6-C6C8F3BE648A}.Release|Win32.Build.0 = Release|Win32
		{EEF1E81D-D286-422A-89E6-C6C8F3BE648A}.Release|x64.ActiveCfg = Release|x64
		{EEF1E81D-D286-422A-89E6-C6C8F3BE648A}.Release|x64.Build.0 = Release|x64
		{80E791B8-AC98-407E-8FF9-5154AF50E887}.Debug|Win32.ActiveCfg = Debug|Win32
		{80E791B8-AC98-407E-8FF9-5154AF50E887}.Debug|Win32.Build.0 = Debug|Win32
		{80E791B8-AC98-407E-8FF9-5154AF50E887}.Debug|x64.ActiveCfg = Debug|x64
		{80E791B8-AC98-407E-8FF9-5154AF50E887}.Debug|x64.Build.0 = Debug|x64
		{80E791B8-AC98-407E-8FF9-5154AF50E887}.Release|Win32.ActiveCfg = Release|Win32
		{80E791B8-AC98-407E-8FF9-5154AF50E887}.Release|Win32.Build.0 = Release|Win32
		{80E791B8-AC98-407E-8FF9-5154AF50E887}.Release|x64.ActiveCfg = Release|x64
		{80E791B8-AC98-407E-8FF9-5154AF50E887}.Release|x64.Build.0 = Release|x64
		{60B43533-C75E-4741-9E19-C4D581BEF51C}.Debug|Win32.ActiveCfg = Debug|Win32
		{60B43533-C75E-4741-9E19-C4D581BEF51C}.Debug|Win32.Build.0 = Debug|Win32
		{60B43533-C75E-4741-9E19-C4D581BEF51C}.Debug|x64.ActiveCfg = Debug|x64
		{60B43533-C75E-4741-9E19-C4D581BEF51C}.Debug|x64.Build.0 = Debug|x64
		{60B43533-C75E-4741-9E19-C4D581BEF51C}.Release|Win32.ActiveCfg = Release|Win32
		{60B43533-C75E-4741-9E19-C4D581BEF51C}.Release|Win32.Build.0 = Release|Win32
		{60B43533-C75E-4741-9E19-C4D581BEF51C}.Release|x64.ActiveCfg = Release|x64
		{60B43533-C75E-4741-9E19-C4D581BEF51C}.Release|x64.Build.0 = Release|x64
		{AC547368-D861-4B88-B5D4-E3B1F1AEEEDD}.Debug|Win32.ActiveCfg = Debug|Win32
		{AC547368-D861-4B88-B5D4-E3B1F1AEEEDD}.Debug|Win32.Build.0 = Debug|Win32
		{AC547368-D861-4B88-B5D4-E3B1F1AEEEDD}.Debug|x64.ActiveCfg = Debug|x64
		{AC547368-D861-4B88-B5D4-E3B1F1AEEEDD}.Debug|x64.Build.0 = Debug|x64
		{AC547368-D861-4B88-B5D4-E3B1F1AEEEDD}.Release|Win32.ActiveCfg = Release|Win32
		{AC547368-D861-4B88-B5D4-E3B1F1AEEEDD}.Release|Win32.Build.0 = Release|Win32
		{AC547368-D861-4B88-B5D4-E3B1F1AEEEDD}.Release|x64.ActiveCfg = Release|x64
		{AC547368-D861-4B88-B5D4-E3B1F1AEEEDD}.Release|x64.Build.0 = Release|x64
		{B5E0DA09-EA01-4D5A-A9D6-5B22DB0C306E}.Debug|Win32.ActiveCfg = Debug|Win32
		{B5E0DA09-EA01-4D5A-A9D6-5B22DB0C306E}.Debug|Win32.Build.0 = Debug|Win32
		{B5E0DA09-EA01-4D5A-A9D6-5B22DB0C306E}.Debug|x64.ActiveCfg = Debug|x64
		{B5E0DA09-EA01-4D5A-A9D6-5B22DB0C306E}.Debug|x64.Build.0 = Debug|x64
		{B5E0DA09-EA01-4D5A-A9D6-5B22DB0C306E}.Release|Win32.ActiveCfg = Release|Win32
		{B5E0DA09-EA01-4D5A-A9D6-5B22DB0C306E}.Release|Win32.Build.0 = Release|Win32
		{B5E0DA09-EA01-4D5A-A9D6-5B22DB0C306E}.Release|x64.ActiveCfg = Release|x64
		{B5E0DA09-EA01-4D5A-A9D6-5B22DB0C306E}.Release|x64.Build.0 = Release|x64
		{79D24223-1122-40A9-BC8F-46A2089FE089}.Debug|Win32.ActiveCfg = Debug|Win32
		{79D24223-1122-40A9-BC8F-46A2089FE089}.Debug|Win32.Build.0 = Debug|Win32
		{79D24223-1122-40A9-BC8F-46A2089FE089}.Debug|x64.ActiveCfg = Debug|x64
		{79D24223-1122-40A9-BC8F-46A2089FE089}.Debug|x64.Build.0 = Debug|x64
		{79D24223-1122-40A9-BC8F-46A2089FE089}.Release|Win32.ActiveCfg = Release|Win32
		{79D24223-1122-40A9-BC8F-46A2089FE089}.Release|Win32.Build.0 = Release|Win32
		{79D24223-1122-40A9-BC8F-46A2089FE089}.Release|x64.ActiveCfg = Release|x64
		{79D24223-1122-40A9-BC8F-46A2089FE089}.Release|x64.Build.0 = Release|x64
		{3437FD16-A3BF-4938-883A-EB0DF1584A2A}.Debug|Win32.ActiveCfg = Debug|Win32
		{3437FD16-A3BF-4938-883A-EB0DF1584A2A}.Debug|Win32.Build.0 = Debug|Win32
		{3437FD16-A3BF-4938-883A-EB0DF1584A2A}.Debug|x64.ActiveCfg = Debug|x64
		{3437FD16-A3BF-4938-883A-EB0DF1584A2A}.Debug|x64.Build.0 = Debug|x64
		{3437FD16-A3BF-4938-883A-EB0DF1584A2A}.Release|Win32.ActiveCfg = Release|Win32
		{3437FD16-A3BF-4938-883A-EB0DF1584A2A}.Release|Win32.Build.0 = Release|Win32
		{3437FD16-A3BF-4938-883A-EB0DF1584A2A}.Release|x64.ActiveCfg = Release|x64
		{3437FD16-A3BF-4938-883A-EB0DF1584A2A}.Release|x64.Build.0 = Release|x64
		{37488DC1-E45F-4626-A87C-3A854A153D1A}.Debug|Win32.ActiveCfg = Debug|Win32
		{37488DC1-E45F-4626-A87C-3A854A153D1A}.Debug|Win32.Build.0 = Debug|Win32
		{37488DC1-E45F-4626-A87C-3A854A153D1A}.Debug|x64.ActiveCfg = Debug|x64
		{37488DC1-E45F-4626-A87C-3A854A153D1A}.Debug|x64.Build.0 = Debug|x64
		{37488DC1-E45F-4626-A87C-3A854A153D1A}.Release|Win32.ActiveCfg = Release|Win32
		{37488DC1-E45F-4626-A87C-3A854A153D1A}.Release|Win32.Build.0 = Release|Win32
		{37488DC1-E45F-4626-A87C-3A854A153D1A}.Release|x64.ActiveCfg = Release|x64
		{37488DC1-E45F-4626-A87C-3A854A153D1A}.Release|x64.Build.0 = Release|x64
		{2B3235B0-31E1-44DA-81A1-183F40517E47}.Debug|Win32.ActiveCfg = Debug|Win32
		{2B3235B0-31E1-44DA-81A1-183F40517E47}.Debug|Win32.Build.0 = Debug|Win32
		{2B3235B0-31E1-44DA-81A1-183F40517E47}.Debug|x64.ActiveCfg = Debug|x64
		{2B3235B0-31E1-44DA-81A1-183F40517E47}.Debug|x64.Build.0 = Debug|x64
		{2B3235B0-31E1-44DA-81A1-183F40517E47}.Release|Win32.ActiveCfg = Release|Win32
		{2B3235B0-31E1-44DA-81A1-183F40517E47}.Release|Win32.Build.0 = Release|Win32
		{2B3235B0-31E1-44DA-81A1-183F40517E47}.Release|x64.ActiveCfg = Release|x64
		{2B3235B0-31E1-44DA-81A1-183F40517E47}.Release|x64.Build.0 = Release|x64
		{A0C1595C-FA3E-4B7A-936C-306BC6294C5E}.Debug|Win32.ActiveCfg = Debug|Win32
		{A0C1595C-FA3E-4B7A-936C-306BC6294C5E}.Debug|Win32.Build.0 = Debug|Win32
		{A0C1595C-FA3E-4B7A-936C-306BC6294C5E}.Debug|x64.ActiveCfg = Debug|x64
		{A0C1595C-FA3E-4B7A-936C-306BC6294C5E}.Debug|x64.Build.0 = Debug|x64
		{A0C1595C-FA3E-4B7A-936C-306BC6294C5E}.Release|Win32.ActiveCfg = Release|Win32
		{A0C1595C-FA3E-4B7A-936C-306BC6294C5E}.Release|Win32.Build.0 = Release|Win32
		{A0C1595C-FA3E-4B7A-936C-306BC6294C5E}.Release|x64.ActiveCfg = Release|x64
		{A0C1595C-FA3E-4B7A-936C-306BC6294C5E}.Release|x64.Build.0 = Release|x64
		{7C38D0AA-572C-4D75-8E4E-D68AF3C051AF}.Debug|Win32.ActiveCfg = Debug|Win32
		{7C38D0AA-572C-4D75-8E4E-D68AF3C051AF}.Debug|Win32.Build.0 = Debug|Win32
		{7C38D0AA-572C-4D75-8E4E-D68AF3C051AF}.Debug|x64.ActiveCfg = Debug|x64
		{7C38D0AA-572C-4D75-8E4E-D68AF3C051AF}.Debug|x64.Build.0 = Debug|x64
		{7C38D0AA-572C-4D75-8E4E-D68AF3C051AF}.Release|Win32.ActiveCfg = Release|Win32
		{7C38D0AA-572C-4D75-8E4E-D68AF3C051AF}.Release|Win32.Build.0 = Release|Win32
		{7C38D0AA-572C-4D75-8E4E-D68AF3C051AF}.Release|x64.ActiveCfg = Release|x64
		{7C38D0AA-572C-4D75-8E4E-D68AF3C051AF}.Release|x64.Build.0 = Release|x64
		{5F0D72C4-8319-4B61-9E13-6084B680EB90}.Debug|Win32.ActiveCfg = Debug|Win32
		{5F0D72C4-8319-4B61-9E13-6084B680EB90}.Debug|Win32.Build.0 = Debug|Win32
		{5F0D72C4-8319-4B61-9E13-6084B680EB90}.Debug|x64.ActiveCfg = Debug|x64
		{5F0D72C4-8319-4B61-9E13-6084B680EB90}.Debug|x64.Build.0 = Debug|x64
		{5F0D72C4-8319-4B61-9E13-6084B680EB90}.Release|Win32.ActiveCfg = Release|Win32
		{5F0D72C4-8319-4B61-9E13-6084B680EB90}.Release|Win32.Build.0 = Release|Win32
		{5F0D72C4-8319-4B61-9E13-6084B680EB90}.Release|x64.ActiveCfg = Release|x64
		{5F0D72C4-8319-4B61-9E13-6084B680EB90}.Release|x64.Build.0 = Release|x64
	EndGlobalSection
	GlobalSection(SolutionProperties) = preSolution
		HideSolutionNode = FALSE
	EndGlobalSection
EndGlobal
