
Microsoft Visual Studio Solution File, Format Version 10.00
# Visual Studio 2008
Project("{8BC9CEB8-8B4A-11D0-8D11-00A0C91BC942}") = "SbieSupport", "SbieSupport\SbieSupport.vcproj", "{EEF1E81D-D286-422A-89E6-C6C8F3BE648A}"
EndProject
Project("{8BC9CEB8-8B4A-11D0-8D11-00A0C91BC942}") = "SecurityExplorer", "SecurityExplorer\SecurityExplorer.vcproj", "{0DCBC570-B4E3-482A-9872-8BB5678F5E5C}"
EndProject
Project("{8BC9CEB8-8B4A-11D0-8D11-00A0C91BC942}") = "ProcessActions", "ProcessActions\ProcessActions.vcproj", "{6D09DFBB-8841-4F23-A2A0-DDF4BF6B924A}"
EndProject
Project("{8BC9CEB8-8B4A-11D0-8D11-00A0C91BC942}") = "ExtendedNotifications", "ExtendedNotifications\ExtendedNotifications.vcproj", "{80E791B8-AC98-407E-8FF9-5154AF50E887}"
EndProject
Project("{8BC9CEB8-8B4A-11D0-8D11-00A0C91BC942}") = "ToolStatus", "ToolStatus\ToolStatus.vcproj", "{60B43533-C75E-4741-9E19-C4D581BEF51C}"
EndProject
Project("{8BC9CEB8-8B4A-11D0-8D11-00A0C91BC942}") = "ExtendedServices", "ExtendedServices\ExtendedServices.vcproj", "{AC547368-D861-4B88-B5D4-E3B1F1AEEEDD}"
EndProject
Global
	GlobalSection(SolutionConfigurationPlatforms) = preSolution
		Debug|Win32 = Debug|Win32
		Debug|x64 = Debug|x64
		Release|Win32 = Release|Win32
		Release|x64 = Release|x64
	EndGlobalSection
	GlobalSection(ProjectConfigurationPlatforms) = postSolution
		{EEF1E81D-D286-422A-89E6-C6C8F3BE648A}.Debug|Win32.ActiveCfg = Debug|Win32
		{EEF1E81D-D286-422A-89E6-C6C8F3BE648A}.Debug|Win32.Build.0 = Debug|Win32
		{EEF1E81D-D286-422A-89E6-C6C8F3BE648A}.Debug|x64.ActiveCfg = Debug|x64
		{EEF1E81D-D286-422A-89E6-C6C8F3BE648A}.Debug|x64.Build.0 = Debug|x64
		{EEF1E81D-D286-422A-89E6-C6C8F3BE648A}.Release|Win32.ActiveCfg = Release|Win32
		{EEF1E81D-D286-422A-89E6-C6C8F3BE648A}.Release|Win32.Build.0 = Release|Win32
		{EEF1E81D-D286-422A-89E6-C6C8F3BE648A}.Release|x64.ActiveCfg = Release|x64
		{EEF1E81D-D286-422A-89E6-C6C8F3BE648A}.Release|x64.Build.0 = Release|x64
		{0DCBC570-B4E3-482A-9872-8BB5678F5E5C}.Debug|Win32.ActiveCfg = Debug|Win32
		{0DCBC570-B4E3-482A-9872-8BB5678F5E5C}.Debug|Win32.Build.0 = Debug|Win32
		{0DCBC570-B4E3-482A-9872-8BB5678F5E5C}.Debug|x64.ActiveCfg = Debug|x64
		{0DCBC570-B4E3-482A-9872-8BB5678F5E5C}.Debug|x64.Build.0 = Debug|x64
		{0DCBC570-B4E3-482A-9872-8BB5678F5E5C}.Release|Win32.ActiveCfg = Release|Win32
		{0DCBC570-B4E3-482A-9872-8BB5678F5E5C}.Release|Win32.Build.0 = Release|Win32
		{0DCBC570-B4E3-482A-9872-8BB5678F5E5C}.Release|x64.ActiveCfg = Release|x64
		{0DCBC570-B4E3-482A-9872-8BB5678F5E5C}.Release|x64.Build.0 = Release|x64
		{6D09DFBB-8841-4F23-A2A0-DDF4BF6B924A}.Debug|Win32.ActiveCfg = Debug|Win32
		{6D09DFBB-8841-4F23-A2A0-DDF4BF6B924A}.Debug|Win32.Build.0 = Debug|Win32
		{6D09DFBB-8841-4F23-A2A0-DDF4BF6B924A}.Debug|x64.ActiveCfg = Debug|x64
		{6D09DFBB-8841-4F23-A2A0-DDF4BF6B924A}.Debug|x64.Build.0 = Debug|x64
		{6D09DFBB-8841-4F23-A2A0-DDF4BF6B924A}.Release|Win32.ActiveCfg = Release|Win32
		{6D09DFBB-8841-4F23-A2A0-DDF4BF6B924A}.Release|Win32.Build.0 = Release|Win32
		{6D09DFBB-8841-4F23-A2A0-DDF4BF6B924A}.Release|x64.ActiveCfg = Release|x64
		{6D09DFBB-8841-4F23-A2A0-DDF4BF6B924A}.Release|x64.Build.0 = Release|x64
		{80E791B8-AC98-407E-8FF9-5154AF50E887}.Debug|Win32.ActiveCfg = Debug|Win32
		{80E791B8-AC98-407E-8FF9-5154AF50E887}.Debug|Win32.Build.0 = Debug|Win32
		{80E791B8-AC98-407E-8FF9-5154AF50E887}.Debug|x64.ActiveCfg = Debug|x64
		{80E791B8-AC98-407E-8FF9-5154AF50E887}.Debug|x64.Build.0 = Debug|x64
		{80E791B8-AC98-407E-8FF9-5154AF50E887}.Release|Win32.ActiveCfg = Release|Win32
		{80E791B8-AC98-407E-8FF9-5154AF50E887}.Release|Win32.Build.0 = Release|Win32
		{80E791B8-AC98-407E-8FF9-5154AF50E887}.Release|x64.ActiveCfg = Release|x64
		{80E791B8-AC98-407E-8FF9-5154AF50E887}.Release|x64.Build.0 = Release|x64
		{60B43533-C75E-4741-9E19-C4D581BEF51C}.Debug|Win32.ActiveCfg = Debug|Win32
		{60B43533-C75E-4741-9E19-C4D581BEF51C}.Debug|Win32.Build.0 = Debug|Win32
		{60B43533-C75E-4741-9E19-C4D581BEF51C}.Debug|x64.ActiveCfg = Debug|x64
		{60B43533-C75E-4741-9E19-C4D581BEF51C}.Debug|x64.Build.0 = Debug|x64
		{60B43533-C75E-4741-9E19-C4D581BEF51C}.Release|Win32.ActiveCfg = Release|Win32
		{60B43533-C75E-4741-9E19-C4D581BEF51C}.Release|Win32.Build.0 = Release|Win32
		{60B43533-C75E-4741-9E19-C4D581BEF51C}.Release|x64.ActiveCfg = Release|x64
		{60B43533-C75E-4741-9E19-C4D581BEF51C}.Release|x64.Build.0 = Release|x64
		{AC547368-D861-4B88-B5D4-E3B1F1AEEEDD}.Debug|Win32.ActiveCfg = Debug|Win32
		{AC547368-D861-4B88-B5D4-E3B1F1AEEEDD}.Debug|Win32.Build.0 = Debug|Win32
		{AC547368-D861-4B88-B5D4-E3B1F1AEEEDD}.Debug|x64.ActiveCfg = Debug|x64
		{AC547368-D861-4B88-B5D4-E3B1F1AEEEDD}.Debug|x64.Build.0 = Debug|x64
		{AC547368-D861-4B88-B5D4-E3B1F1AEEEDD}.Release|Win32.ActiveCfg = Release|Win32
		{AC547368-D861-4B88-B5D4-E3B1F1AEEEDD}.Release|Win32.Build.0 = Release|Win32
		{AC547368-D861-4B88-B5D4-E3B1F1AEEEDD}.Release|x64.ActiveCfg = Release|x64
		{AC547368-D861-4B88-B5D4-E3B1F1AEEEDD}.Release|x64.Build.0 = Release|x64
	EndGlobalSection
	GlobalSection(SolutionProperties) = preSolution
		HideSolutionNode = FALSE
	EndGlobalSection
EndGlobal
