
Microsoft Visual Studio Solution File, Format Version 12.00
# Visual Studio Version 16
VisualStudioVersion = 16.0.29418.71
MinimumVisualStudioVersion = 15.0.26228.4
Project("{FAE04EC0-301F-11D3-BF4B-00C04F79EFBC}") = "GenerateZw", "GenerateZw.csproj", "{10589240-84D9-4935-9868-7FFADB6545F9}"
EndProject
Global
	GlobalSection(SolutionConfigurationPlatforms) = preSolution
		Debug|Any CPU = Debug|Any CPU
		Release|Any CPU = Release|Any CPU
	EndGlobalSection
	GlobalSection(ProjectConfigurationPlatforms) = postSolution
		{10589240-84D9-4935-9868-7FFADB6545F9}.Debug|Any CPU.ActiveCfg = Debug|Any CPU
		{10589240-84D9-4935-9868-7FFADB6545F9}.Debug|Any CPU.Build.0 = Debug|Any CPU
		{10589240-84D9-4935-9868-7FFADB6545F9}.Release|Any CPU.ActiveCfg = Release|Any CPU
		{10589240-84D9-4935-9868-7FFADB6545F9}.Release|Any CPU.Build.0 = Release|Any CPU
	EndGlobalSection
	GlobalSection(SolutionProperties) = preSolution
		HideSolutionNode = FALSE
	EndGlobalSection
	GlobalSection(ExtensibilityGlobals) = postSolution
		SolutionGuid = {74469509-81C7-4930-83C3-7AB005C54375}
	EndGlobalSection
EndGlobal
