<?xml version="1.0" encoding="utf-8"?>
<Project ToolsVersion="4.0" xmlns="http://schemas.microsoft.com/developer/msbuild/2003">
  <ItemGroup>
    <Filter Include="Source Files">
      <UniqueIdentifier>{4FC737F1-C7A5-4376-A066-2A32D752A2FF}</UniqueIdentifier>
      <Extensions>cpp;c;cc;cxx;def;odl;idl;hpj;bat;asm;asmx</Extensions>
    </Filter>
    <Filter Include="Header Files">
      <UniqueIdentifier>{93995380-89BD-4b04-88EB-625FBE52EBFB}</UniqueIdentifier>
      <Extensions>h;hpp;hxx;hm;inl;inc;xsd</Extensions>
    </Filter>
    <Filter Include="Resource Files">
      <UniqueIdentifier>{67DA6AB6-F800-4c08-8B7A-83BB121AAD01}</UniqueIdentifier>
      <Extensions>rc;ico;cur;bmp;dlg;rc2;rct;bin;rgs;gif;jpg;jpeg;jpe;resx;tiff;tif;png;wav</Extensions>
    </Filter>
    <Filter Include="Resource Files\Images">
      <UniqueIdentifier>{6b19a091-ecf3-43f6-8756-eabd86ca6db7}</UniqueIdentifier>
    </Filter>
    <Filter Include="Resource Files\Icons">
      <UniqueIdentifier>{d73cf0c0-aa15-43d5-98cd-0846121559b5}</UniqueIdentifier>
    </Filter>
  </ItemGroup>
  <ItemGroup>
    <ClCompile Include="main.c">
      <Filter>Source Files</Filter>
    </ClCompile>
    <ClCompile Include="options.c">
      <Filter>Source Files</Filter>
    </ClCompile>
    <ClCompile Include="statusbar.c">
      <Filter>Source Files</Filter>
    </ClCompile>
    <ClCompile Include="filter.c">
      <Filter>Source Files</Filter>
    </ClCompile>
    <ClCompile Include="toolbar.c">
      <Filter>Source Files</Filter>
    </ClCompile>
    <ClCompile Include="graph.c">
      <Filter>Source Files</Filter>
    </ClCompile>
    <ClCompile Include="customizetb.c">
      <Filter>Source Files</Filter>
    </ClCompile>
    <ClCompile Include="customizesb.c">
      <Filter>Source Files</Filter>
    </ClCompile>
    <ClCompile Include="taskbar.c">
      <Filter>Source Files</Filter>
    </ClCompile>
  </ItemGroup>
  <ItemGroup>
    <ClInclude Include="resource.h">
      <Filter>Header Files</Filter>
    </ClInclude>
    <ClInclude Include="toolstatus.h">
      <Filter>Header Files</Filter>
    </ClInclude>
  </ItemGroup>
  <ItemGroup>
    <None Include="CHANGELOG.txt" />
  </ItemGroup>
  <ItemGroup>
    <ResourceCompile Include="ToolStatus.rc">
      <Filter>Resource Files</Filter>
    </ResourceCompile>
  </ItemGroup>
  <ItemGroup>
    <Image Include="resources\application_get_modern.png">
      <Filter>Resource Files\Images</Filter>
    </Image>
    <Image Include="resources\application_go_modern.png">
      <Filter>Resource Files\Images</Filter>
    </Image>
    <Image Include="resources\application_modern.png">
      <Filter>Resource Files\Images</Filter>
    </Image>
    <Image Include="resources\arrow_refresh_modern.png">
      <Filter>Resource Files\Images</Filter>
    </Image>
    <Image Include="resources\chart_line_modern.png">
      <Filter>Resource Files\Images</Filter>
    </Image>
    <Image Include="resources\cog_edit_modern.png">
      <Filter>Resource Files\Images</Filter>
    </Image>
    <Image Include="resources\cross_modern.png">
      <Filter>Resource Files\Images</Filter>
    </Image>
    <Image Include="resources\find_modern.png">
      <Filter>Resource Files\Images</Filter>
    </Image>
    <Image Include="resources\lightbulb_off_modern.png">
      <Filter>Resource Files\Images</Filter>
    </Image>
    <Image Include="resources\application.ico">
      <Filter>Resource Files\Icons</Filter>
    </Image>
    <Image Include="resources\application_get.ico">
      <Filter>Resource Files\Icons</Filter>
    </Image>
    <Image Include="resources\application_go.ico">
      <Filter>Resource Files\Icons</Filter>
    </Image>
    <Image Include="resources\arrow_refresh.ico">
      <Filter>Resource Files\Icons</Filter>
    </Image>
    <Image Include="resources\chart_line.ico">
      <Filter>Resource Files\Icons</Filter>
    </Image>
    <Image Include="resources\cog_edit.ico">
      <Filter>Resource Files\Icons</Filter>
    </Image>
    <Image Include="resources\cross.ico">
      <Filter>Resource Files\Icons</Filter>
    </Image>
    <Image Include="resources\find.ico">
      <Filter>Resource Files\Icons</Filter>
    </Image>
    <Image Include="resources\lightbulb_off.ico">
      <Filter>Resource Files\Icons</Filter>
    </Image>
    <Image Include="resources\application_get_modern_dark.png">
      <Filter>Resource Files\Images</Filter>
    </Image>
    <Image Include="resources\application_get_modern_light.png">
      <Filter>Resource Files\Images</Filter>
    </Image>
    <Image Include="resources\application_go_modern_dark.png">
      <Filter>Resource Files\Images</Filter>
    </Image>
    <Image Include="resources\application_go_modern_light.png">
      <Filter>Resource Files\Images</Filter>
    </Image>
    <Image Include="resources\application_modern_dark.png">
      <Filter>Resource Files\Images</Filter>
    </Image>
    <Image Include="resources\application_modern_light.png">
      <Filter>Resource Files\Images</Filter>
    </Image>
    <Image Include="resources\arrow_refresh_modern_dark.png">
      <Filter>Resource Files\Images</Filter>
    </Image>
    <Image Include="resources\arrow_refresh_modern_light.png">
      <Filter>Resource Files\Images</Filter>
    </Image>
    <Image Include="resources\chart_line_modern_dark.png">
      <Filter>Resource Files\Images</Filter>
    </Image>
    <Image Include="resources\chart_line_modern_light.png">
      <Filter>Resource Files\Images</Filter>
    </Image>
    <Image Include="resources\cog_edit_modern_dark.png">
      <Filter>Resource Files\Images</Filter>
    </Image>
    <Image Include="resources\cog_edit_modern_light.png">
      <Filter>Resource Files\Images</Filter>
    </Image>
    <Image Include="resources\cross_modern_dark.png">
      <Filter>Resource Files\Images</Filter>
    </Image>
    <Image Include="resources\cross_modern_light.png">
      <Filter>Resource Files\Images</Filter>
    </Image>
    <Image Include="resources\find_modern_dark.png">
      <Filter>Resource Files\Images</Filter>
    </Image>
    <Image Include="resources\find_modern_light.png">
      <Filter>Resource Files\Images</Filter>
    </Image>
    <Image Include="resources\lightbulb_off_modern_dark.png">
      <Filter>Resource Files\Images</Filter>
    </Image>
    <Image Include="resources\lightbulb_off_modern_light.png">
      <Filter>Resource Files\Images</Filter>
    </Image>
  </ItemGroup>
</Project>