<?xml version="1.0" encoding="utf-8"?>
<Project ToolsVersion="4.0" xmlns="http://schemas.microsoft.com/developer/msbuild/2003">
  <ItemGroup>
    <Filter Include="Source Files">
      <UniqueIdentifier>{4FC737F1-C7A5-4376-A066-2A32D752A2FF}</UniqueIdentifier>
      <Extensions>cpp;c;cc;cxx;def;odl;idl;hpj;bat;asm;asmx</Extensions>
    </Filter>
    <Filter Include="Header Files">
      <UniqueIdentifier>{93995380-89BD-4b04-88EB-625FBE52EBFB}</UniqueIdentifier>
      <Extensions>h;hpp;hxx;hm;inl;inc;xsd</Extensions>
    </Filter>
    <Filter Include="Resource Files">
      <UniqueIdentifier>{67DA6AB6-F800-4c08-8B7A-83BB121AAD01}</UniqueIdentifier>
      <Extensions>rc;ico;cur;bmp;dlg;rc2;rct;bin;rgs;gif;jpg;jpeg;jpe;resx;tiff;tif;png;wav</Extensions>
    </Filter>
    <Filter Include="Resource Files\icons">
      <UniqueIdentifier>{479e3232-66c7-4bb6-9a23-68e80f37e9b4}</UniqueIdentifier>
    </Filter>
  </ItemGroup>
  <ItemGroup>
    <ClCompile Include="main.c">
      <Filter>Source Files</Filter>
    </ClCompile>
    <ClCompile Include="fwtab.c">
      <Filter>Source Files</Filter>
    </ClCompile>
    <ClCompile Include="monitor.c">
      <Filter>Source Files</Filter>
    </ClCompile>
    <ClCompile Include="fwdialog.c">
      <Filter>Source Files</Filter>
    </ClCompile>
    <ClCompile Include="fw.c">
      <Filter>Source Files</Filter>
    </ClCompile>
  </ItemGroup>
  <ItemGroup>
    <None Include="CHANGELOG.txt" />
    <None Include="resources\firewall.ico">
      <Filter>Resource Files\icons</Filter>
    </None>
    <None Include="resources\home.ico">
      <Filter>Resource Files\icons</Filter>
    </None>
    <None Include="resources\home2.ico">
      <Filter>Resource Files\icons</Filter>
    </None>
    <None Include="resources\inbound.ico">
      <Filter>Resource Files\icons</Filter>
    </None>
    <None Include="resources\monitor.ico">
      <Filter>Resource Files\icons</Filter>
    </None>
    <None Include="resources\outbound.ico">
      <Filter>Resource Files\icons</Filter>
    </None>
    <None Include="resources\public.ico">
      <Filter>Resource Files\icons</Filter>
    </None>
    <None Include="resources\wfirewall.ico">
      <Filter>Resource Files\icons</Filter>
    </None>
    <None Include="resources\work.ico">
      <Filter>Resource Files\icons</Filter>
    </None>
  </ItemGroup>
  <ItemGroup>
    <ClInclude Include="resource.h">
      <Filter>Header Files</Filter>
    </ClInclude>
    <ClInclude Include="fwmon.h">
      <Filter>Header Files</Filter>
    </ClInclude>
    <ClInclude Include="fwtabp.h">
      <Filter>Header Files</Filter>
    </ClInclude>
    <ClInclude Include="wf.h">
      <Filter>Header Files</Filter>
    </ClInclude>
  </ItemGroup>
  <ItemGroup>
    <ResourceCompile Include="FirewallMonitor.rc">
      <Filter>Resource Files</Filter>
    </ResourceCompile>
  </ItemGroup>
</Project>