<?xml version="1.0" encoding="utf-8"?>
<Project ToolsVersion="4.0" xmlns="http://schemas.microsoft.com/developer/msbuild/2003">
  <ItemGroup>
    <ClInclude Include="resource.h">
      <Filter>Header Files</Filter>
    </ClInclude>
    <ClInclude Include="main.h">
      <Filter>Header Files</Filter>
    </ClInclude>
  </ItemGroup>
  <ItemGroup>
    <None Include="CHANGELOG.txt" />
  </ItemGroup>
  <ItemGroup>
    <Filter Include="Header Files">
      <UniqueIdentifier>{425a0fc8-1446-4937-8041-dbe97bcbebc4}</UniqueIdentifier>
    </Filter>
    <Filter Include="Resource Files">
      <UniqueIdentifier>{cb9a1b81-72f0-4b16-974c-dda6e1ab96ab}</UniqueIdentifier>
    </Filter>
    <Filter Include="Source Files">
      <UniqueIdentifier>{2a3c08d8-713f-4933-93e3-9a8ce42807ca}</UniqueIdentifier>
    </Filter>
  </ItemGroup>
  <ItemGroup>
    <ResourceCompile Include="TaskbarExtPlugin.rc">
      <Filter>Resource Files</Filter>
    </ResourceCompile>
  </ItemGroup>
  <ItemGroup>
    <ClCompile Include="main.c">
      <Filter>Source Files</Filter>
    </ClCompile>
    <ClCompile Include="notifico.c">
      <Filter>Source Files</Filter>
    </ClCompile>
    <ClCompile Include="options.c">
      <Filter>Source Files</Filter>
    </ClCompile>
  </ItemGroup>
  <ItemGroup>
    <Image Include="resources\application.bmp">
      <Filter>Resource Files</Filter>
    </Image>
    <Image Include="resources\application_go.bmp">
      <Filter>Resource Files</Filter>
    </Image>
    <Image Include="resources\chart_line.bmp">
      <Filter>Resource Files</Filter>
    </Image>
    <Image Include="resources\find.bmp">
      <Filter>Resource Files</Filter>
    </Image>
  </ItemGroup>
</Project>