<?xml version="1.0" encoding="utf-8"?>
<Project ToolsVersion="4.0" xmlns="http://schemas.microsoft.com/developer/msbuild/2003">
  <ItemGroup>
    <Filter Include="Header Files">
      <UniqueIdentifier>{c6f1d7ed-ed5d-4745-9ea8-c0dfaa942906}</UniqueIdentifier>
    </Filter>
    <Filter Include="Source Files">
      <UniqueIdentifier>{545176e3-50a7-46f9-84b8-fbd1e9fec5d8}</UniqueIdentifier>
    </Filter>
  </ItemGroup>
  <ItemGroup>
    <ClInclude Include="include\kphmsg.h">
      <Filter>Header Files</Filter>
    </ClInclude>
    <ClInclude Include="include\kphmsgdyn.h">
      <Filter>Header Files</Filter>
    </ClInclude>
    <ClInclude Include="include\phcomm.h">
      <Filter>Header Files</Filter>
    </ClInclude>
    <ClInclude Include="include\kphmsgbase.h">
      <Filter>Header Files</Filter>
    </ClInclude>
    <ClInclude Include="include\kphmsgfill.h">
      <Filter>Header Files</Filter>
    </ClInclude>
    <ClInclude Include="include\kphmsgstatic.h">
      <Filter>Header Files</Filter>
    </ClInclude>
  </ItemGroup>
  <ItemGroup>
    <ClCompile Include="kphmsgdyn.c">
      <Filter>Source Files</Filter>
    </ClCompile>
    <ClCompile Include="kphmsg.c">
      <Filter>Source Files</Filter>
    </ClCompile>
  </ItemGroup>
</Project>