<?xml version="1.0" encoding="utf-8"?>
<Project ToolsVersion="4.0" xmlns="http://schemas.microsoft.com/developer/msbuild/2003">
  <ItemGroup>
    <Filter Include="Header Files">
      <UniqueIdentifier>{d727b7f5-c766-42e2-b006-b57a27838deb}</UniqueIdentifier>
    </Filter>
    <Filter Include="Source Files">
      <UniqueIdentifier>{9cc800b4-95ec-4b5e-8575-80a523f61365}</UniqueIdentifier>
    </Filter>
  </ItemGroup>
  <ItemGroup>
    <ClInclude Include="include\kphmsg.h">
      <Filter>Header Files</Filter>
    </ClInclude>
    <ClInclude Include="include\kphmsgdyn.h">
      <Filter>Header Files</Filter>
    </ClInclude>
    <ClInclude Include="include\kphmsgstatic.h">
      <Filter>Header Files</Filter>
    </ClInclude>
    <ClInclude Include="include\kphapi.h">
      <Filter>Header Files</Filter>
    </ClInclude>
    <ClInclude Include="include\kphlibbase.h">
      <Filter>Header Files</Filter>
    </ClInclude>
    <ClInclude Include="include\kphmsgfill.h">
      <Filter>Header Files</Filter>
    </ClInclude>
    <ClInclude Include="include\kphdyn.h">
      <Filter>Header Files</Filter>
    </ClInclude>
  </ItemGroup>
  <ItemGroup>
    <ClCompile Include="kphmsgdyn.c">
      <Filter>Source Files</Filter>
    </ClCompile>
    <ClCompile Include="kphmsg.c">
      <Filter>Source Files</Filter>
    </ClCompile>
    <ClCompile Include="kphdyn.c">
      <Filter>Source Files</Filter>
    </ClCompile>
  </ItemGroup>
  <ItemGroup>
    <Xml Include="kphdyn.xml" />
  </ItemGroup>
</Project>