<?xml version="1.0" encoding="utf-8"?>
<Project ToolsVersion="4.0" xmlns="http://schemas.microsoft.com/developer/msbuild/2003">
  <ItemGroup>
    <Filter Include="Source Files">
      <UniqueIdentifier>{4FC737F1-C7A5-4376-A066-2A32D752A2FF}</UniqueIdentifier>
      <Extensions>cpp;c;cc;cxx;def;odl;idl;hpj;bat;asm;asmx</Extensions>
    </Filter>
    <Filter Include="Header Files">
      <UniqueIdentifier>{93995380-89BD-4b04-88EB-625FBE52EBFB}</UniqueIdentifier>
      <Extensions>h;hpp;hxx;hm;inl;inc;xsd</Extensions>
    </Filter>
    <Filter Include="Resource Files">
      <UniqueIdentifier>{67DA6AB6-F800-4c08-8B7A-83BB121AAD01}</UniqueIdentifier>
      <Extensions>rc;ico;cur;bmp;dlg;rc2;rct;bin;rgs;gif;jpg;jpeg;jpe;resx;tiff;tif;png;wav</Extensions>
    </Filter>
    <Filter Include="Mini-XML">
      <UniqueIdentifier>{5980ea07-62e9-4335-b683-cc44a3eee386}</UniqueIdentifier>
    </Filter>
  </ItemGroup>
  <ItemGroup>
    <ClCompile Include="main.c">
      <Filter>Source Files</Filter>
    </ClCompile>
    <ClCompile Include="output.c">
      <Filter>Source Files</Filter>
    </ClCompile>
    <ClCompile Include="..\ExtendedServices\options.c">
      <Filter>Source Files</Filter>
    </ClCompile>
    <ClCompile Include="..\..\ProcessHacker\mxml\mxml-attr.c">
      <Filter>Mini-XML</Filter>
    </ClCompile>
    <ClCompile Include="..\..\ProcessHacker\mxml\mxml-entity.c">
      <Filter>Mini-XML</Filter>
    </ClCompile>
    <ClCompile Include="..\..\ProcessHacker\mxml\mxml-file.c">
      <Filter>Mini-XML</Filter>
    </ClCompile>
    <ClCompile Include="..\..\ProcessHacker\mxml\mxml-index.c">
      <Filter>Mini-XML</Filter>
    </ClCompile>
    <ClCompile Include="..\..\ProcessHacker\mxml\mxml-node.c">
      <Filter>Mini-XML</Filter>
    </ClCompile>
    <ClCompile Include="..\..\ProcessHacker\mxml\mxml-private.c">
      <Filter>Mini-XML</Filter>
    </ClCompile>
    <ClCompile Include="..\..\ProcessHacker\mxml\mxml-search.c">
      <Filter>Mini-XML</Filter>
    </ClCompile>
    <ClCompile Include="..\..\ProcessHacker\mxml\mxml-set.c">
      <Filter>Mini-XML</Filter>
    </ClCompile>
    <ClCompile Include="..\..\ProcessHacker\mxml\mxml-string.c">
      <Filter>Mini-XML</Filter>
    </ClCompile>
  </ItemGroup>
  <ItemGroup>
    <ClInclude Include="updater.h">
      <Filter>Header Files</Filter>
    </ClInclude>
    <ClInclude Include="resource.h">
      <Filter>Header Files</Filter>
    </ClInclude>
  </ItemGroup>
  <ItemGroup>
    <ResourceCompile Include="Updater.rc">
      <Filter>Resource Files</Filter>
    </ResourceCompile>
  </ItemGroup>
  <ItemGroup>
    <None Include="CHANGELOG.txt" />
    <None Include="resources\sflogo.bmp">
      <Filter>Resource Files</Filter>
    </None>
  </ItemGroup>
</Project>