<?xml version="1.0" encoding="utf-8"?>
<Project ToolsVersion="4.0" xmlns="http://schemas.microsoft.com/developer/msbuild/2003">
  <ItemGroup>
    <Filter Include="Source Files">
      <UniqueIdentifier>{4FC737F1-C7A5-4376-A066-2A32D752A2FF}</UniqueIdentifier>
      <Extensions>cpp;c;cc;cxx;def;odl;idl;hpj;bat;asm;asmx</Extensions>
    </Filter>
    <Filter Include="Header Files">
      <UniqueIdentifier>{93995380-89BD-4b04-88EB-625FBE52EBFB}</UniqueIdentifier>
      <Extensions>h;hpp;hxx;hm;inl;inc;xsd</Extensions>
    </Filter>
    <Filter Include="Resource Files">
      <UniqueIdentifier>{67DA6AB6-F800-4c08-8B7A-83BB121AAD01}</UniqueIdentifier>
      <Extensions>rc;ico;cur;bmp;dlg;rc2;rct;bin;rgs;gif;jpg;jpeg;jpe;resx;tiff;tif;png;wav;mfcribbon-ms</Extensions>
    </Filter>
  </ItemGroup>
  <ItemGroup>
    <ClCompile Include="dyndata.c">
      <Filter>Source Files</Filter>
    </ClCompile>
    <ClCompile Include="dynimp.c">
      <Filter>Source Files</Filter>
    </ClCompile>
    <ClCompile Include="main.c">
      <Filter>Source Files</Filter>
    </ClCompile>
    <ClCompile Include="object.c">
      <Filter>Source Files</Filter>
    </ClCompile>
    <ClCompile Include="process.c">
      <Filter>Source Files</Filter>
    </ClCompile>
    <ClCompile Include="qrydrv.c">
      <Filter>Source Files</Filter>
    </ClCompile>
    <ClCompile Include="thread.c">
      <Filter>Source Files</Filter>
    </ClCompile>
    <ClCompile Include="vm.c">
      <Filter>Source Files</Filter>
    </ClCompile>
    <ClCompile Include="util.c">
      <Filter>Source Files</Filter>
    </ClCompile>
    <ClCompile Include="verify.c">
      <Filter>Source Files</Filter>
    </ClCompile>
    <ClCompile Include="informer_file.c">
      <Filter>Source Files</Filter>
    </ClCompile>
    <ClCompile Include="comms.c">
      <Filter>Source Files</Filter>
    </ClCompile>
    <ClCompile Include="informer_image.c">
      <Filter>Source Files</Filter>
    </ClCompile>
    <ClCompile Include="informer_process.c">
      <Filter>Source Files</Filter>
    </ClCompile>
    <ClCompile Include="informer_thread.c">
      <Filter>Source Files</Filter>
    </ClCompile>
    <ClCompile Include="informer_debug.c">
      <Filter>Source Files</Filter>
    </ClCompile>
    <ClCompile Include="comms_handlers.c">
      <Filter>Source Files</Filter>
    </ClCompile>
    <ClCompile Include="sign.c">
      <Filter>Source Files</Filter>
    </ClCompile>
    <ClCompile Include="hash.c">
      <Filter>Source Files</Filter>
    </ClCompile>
    <ClCompile Include="informer_object.c">
      <Filter>Source Files</Filter>
    </ClCompile>
    <ClCompile Include="alloc.c">
      <Filter>Source Files</Filter>
    </ClCompile>
    <ClCompile Include="cid_table.c">
      <Filter>Source Files</Filter>
    </ClCompile>
    <ClCompile Include="kphobject.c">
      <Filter>Source Files</Filter>
    </ClCompile>
    <ClCompile Include="cid_tracking.c">
      <Filter>Source Files</Filter>
    </ClCompile>
    <ClCompile Include="protection.c">
      <Filter>Source Files</Filter>
    </ClCompile>
  </ItemGroup>
  <ItemGroup>
    <ResourceCompile Include="resource.rc">
      <Filter>Resource Files</Filter>
    </ResourceCompile>
  </ItemGroup>
  <ItemGroup>
    <ClInclude Include="include\dyndata.h">
      <Filter>Header Files</Filter>
    </ClInclude>
    <ClInclude Include="include\kph.h">
      <Filter>Header Files</Filter>
    </ClInclude>
    <ClInclude Include="include\ntfill.h">
      <Filter>Header Files</Filter>
    </ClInclude>
    <ClInclude Include="include\comms.h">
      <Filter>Header Files</Filter>
    </ClInclude>
    <ClInclude Include="include\informer.h">
      <Filter>Header Files</Filter>
    </ClInclude>
    <ClInclude Include="include\trace.h">
      <Filter>Header Files</Filter>
    </ClInclude>
    <ClInclude Include="include\pooltags.h">
      <Filter>Header Files</Filter>
    </ClInclude>
    <ClInclude Include="include\cid_table.h">
      <Filter>Header Files</Filter>
    </ClInclude>
  </ItemGroup>
</Project>